<?xml version="1.0" encoding="UTF-8"?>
<Scheme
   LastUpgradeVersion = "0600"
   wasCreatedForAppExtension = "YES"
   version = "1.3">
   <BuildAction
      parallelizeBuildables = "YES"
      buildImplicitDependencies = "YES">
      <BuildActionEntries>
         <BuildActionEntry
            buildForTesting = "YES"
            buildForRunning = "YES"
            buildForProfiling = "YES"
            buildForArchiving = "YES"
            buildForAnalyzing = "YES">
            <BuildableReference
               BuildableIdentifier = "primary"
               BlueprintIdentifier = "7724897419DE996C0058E934"
               BuildableName = "GHActionExtension.appex"
               BlueprintName = "GHActionExtension"
               ReferencedContainer = "container:greenhouse-ios.xcodeproj">
            </BuildableReference>
         </BuildActionEntry>
         <BuildActionEntry
            buildForTesting = "YES"
            buildForRunning = "YES"
            buildForProfiling = "YES"
            buildForArchiving = "YES"
            buildForAnalyzing = "YES">
            <BuildableReference
               BuildableIdentifier = "primary"
               BlueprintIdentifier = "7791B6E418BF8B2D00EA3020"
               BuildableName = "greenhouse-ios.app"
               BlueprintName = "greenhouse-ios"
               ReferencedContainer = "container:greenhouse-ios.xcodeproj">
            </BuildableReference>
         </BuildActionEntry>
      </BuildActionEntries>
   </BuildAction>
   <TestAction
      selectedDebuggerIdentifier = "Xcode.DebuggerFoundation.Debugger.LLDB"
      selectedLauncherIdentifier = "Xcode.DebuggerFoundation.Launcher.LLDB"
      shouldUseLaunchSchemeArgsEnv = "YES"
      buildConfiguration = "Debug">
      <Testables>
      </Testables>
      <MacroExpansion>
         <BuildableReference
            BuildableIdentifier = "primary"
            BlueprintIdentifier = "7724897419DE996C0058E934"
            BuildableName = "GHActionExtension.appex"
            BlueprintName = "GHActionExtension"
            ReferencedContainer = "container:greenhouse-ios.xcodeproj">
         </BuildableReference>
      </MacroExpansion>
   </TestAction>
   <LaunchAction
      selectedDebuggerIdentifier = ""
      selectedLauncherIdentifier = "Xcode.IDEFoundation.Launcher.PosixSpawn"
      launchStyle = "0"
      askForAppToLaunch = "Yes"
      useCustomWorkingDirectory = "NO"
      buildConfiguration = "Debug"
      ignoresPersistentStateOnLaunch = "NO"
      debugDocumentVersioning = "YES"
      allowLocationSimulation = "YES">
      <IDERemoteRunnable
         RemotePath = "/Users/lauris/Library/Developer/CoreSimulator/Devices/20DB83E4-DA84-4C87-A849-7B8597736639/data/Containers/Bundle/Application/D50C69F5-F0D2-4F39-A9C0-170760FC99EB/greenhouse-ios.app"
         BundleIdentifier = "/Users/lauris/Library/Developer/CoreSimulator/Devices/20DB83E4-DA84-4C87-A849-7B8597736639/data/Containers/Bundle/Application/D50C69F5-F0D2-4F39-A9C0-170760FC99EB/greenhouse-ios.app">
      </IDERemoteRunnable>
      <MacroExpansion>
         <BuildableReference
            BuildableIdentifier = "primary"
            BlueprintIdentifier = "7791B6E418BF8B2D00EA3020"
            BuildableName = "greenhouse-ios.app"
            BlueprintName = "greenhouse-ios"
            ReferencedContainer = "container:greenhouse-ios.xcodeproj">
         </BuildableReference>
      </MacroExpansion>
      <AdditionalOptions>
      </AdditionalOptions>
   </LaunchAction>
   <ProfileAction
      shouldUseLaunchSchemeArgsEnv = "YES"
      savedToolIdentifier = ""
      useCustomWorkingDirectory = "NO"
      buildConfiguration = "Release"
      debugDocumentVersioning = "YES"
      askForAppToLaunch = "Yes">
      <BuildableProductRunnable>
         <BuildableReference
            BuildableIdentifier = "primary"
            BlueprintIdentifier = "7791B6E418BF8B2D00EA3020"
            BuildableName = "greenhouse-ios.app"
            BlueprintName = "greenhouse-ios"
            ReferencedContainer = "container:greenhouse-ios.xcodeproj">
         </BuildableReference>
      </BuildableProductRunnable>
   </ProfileAction>
   <AnalyzeAction
      buildConfiguration = "Debug">
   </AnalyzeAction>
   <ArchiveAction
      buildConfiguration = "Release"
      revealArchiveInOrganizer = "YES">
   </ArchiveAction>
</Scheme>
