// !$*UTF8*$!
{
	archiveVersion = 1;
	classes = {
	};
	objectVersion = 46;
	objects = {

/* Begin PBXBuildFile section */
		777812241ADD36600083C2C7 /* main.m in Sources */ = {isa = PBXBuildFile; fileRef = 777812231ADD36600083C2C7 /* main.m */; };
		777812271ADD36600083C2C7 /* AppDelegate.m in Sources */ = {isa = PBXBuildFile; fileRef = 777812261ADD36600083C2C7 /* AppDelegate.m */; };
		7778122A1ADD36600083C2C7 /* MasterViewController.m in Sources */ = {isa = PBXBuildFile; fileRef = 777812291ADD36600083C2C7 /* MasterViewController.m */; };
		7778122D1ADD36600083C2C7 /* DetailViewController.m in Sources */ = {isa = PBXBuildFile; fileRef = 7778122C1ADD36600083C2C7 /* DetailViewController.m */; };
		777812301ADD36600083C2C7 /* Main.storyboard in Resources */ = {isa = PBXBuildFile; fileRef = 7778122E1ADD36600083C2C7 /* Main.storyboard */; };
		777812321ADD36600083C2C7 /* Images.xcassets in Resources */ = {isa = PBXBuildFile; fileRef = 777812311ADD36600083C2C7 /* Images.xcassets */; };
		777812351ADD36600083C2C7 /* LaunchScreen.xib in Resources */ = {isa = PBXBuildFile; fileRef = 777812331ADD36600083C2C7 /* LaunchScreen.xib */; };
		777812411ADD36600083C2C7 /* greenhouse_ios_enterpriseTests.m in Sources */ = {isa = PBXBuildFile; fileRef = 777812401ADD36600083C2C7 /* greenhouse_ios_enterpriseTests.m */; };
/* End PBXBuildFile section */

/* Begin PBXContainerItemProxy section */
		7778123B1ADD36600083C2C7 /* PBXContainerItemProxy */ = {
			isa = PBXContainerItemProxy;
			containerPortal = 777812161ADD36600083C2C7 /* Project object */;
			proxyType = 1;
			remoteGlobalIDString = 7778121D1ADD36600083C2C7;
			remoteInfo = "greenhouse-ios-enterprise";
		};
/* End PBXContainerItemProxy section */

/* Begin PBXFileReference section */
		7778121E1ADD36600083C2C7 /* greenhouse-ios-enterprise.app */ = {isa = PBXFileReference; explicitFileType = wrapper.application; includeInIndex = 0; path = "greenhouse-ios-enterprise.app"; sourceTree = BUILT_PRODUCTS_DIR; };
		777812221ADD36600083C2C7 /* Info.plist */ = {isa = PBXFileReference; lastKnownFileType = text.plist.xml; path = Info.plist; sourceTree = "<group>"; };
		777812231ADD36600083C2C7 /* main.m */ = {isa = PBXFileReference; lastKnownFileType = sourcecode.c.objc; path = main.m; sourceTree = "<group>"; };
		777812251ADD36600083C2C7 /* AppDelegate.h */ = {isa = PBXFileReference; lastKnownFileType = sourcecode.c.h; path = AppDelegate.h; sourceTree = "<group>"; };
		777812261ADD36600083C2C7 /* AppDelegate.m */ = {isa = PBXFileReference; lastKnownFileType = sourcecode.c.objc; path = AppDelegate.m; sourceTree = "<group>"; };
		777812281ADD36600083C2C7 /* MasterViewController.h */ = {isa = PBXFileReference; lastKnownFileType = sourcecode.c.h; path = MasterViewController.h; sourceTree = "<group>"; };
		777812291ADD36600083C2C7 /* MasterViewController.m */ = {isa = PBXFileReference; lastKnownFileType = sourcecode.c.objc; path = MasterViewController.m; sourceTree = "<group>"; };
		7778122B1ADD36600083C2C7 /* DetailViewController.h */ = {isa = PBXFileReference; lastKnownFileType = sourcecode.c.h; path = DetailViewController.h; sourceTree = "<group>"; };
		7778122C1ADD36600083C2C7 /* DetailViewController.m */ = {isa = PBXFileReference; lastKnownFileType = sourcecode.c.objc; path = DetailViewController.m; sourceTree = "<group>"; };
		7778122F1ADD36600083C2C7 /* Base */ = {isa = PBXFileReference; lastKnownFileType = file.storyboard; name = Base; path = Base.lproj/Main.storyboard; sourceTree = "<group>"; };
		777812311ADD36600083C2C7 /* Images.xcassets */ = {isa = PBXFileReference; lastKnownFileType = folder.assetcatalog; path = Images.xcassets; sourceTree = "<group>"; };
		777812341ADD36600083C2C7 /* Base */ = {isa = PBXFileReference; lastKnownFileType = file.xib; name = Base; path = Base.lproj/LaunchScreen.xib; sourceTree = "<group>"; };
		7778123A1ADD36600083C2C7 /* greenhouse-ios-enterpriseTests.xctest */ = {isa = PBXFileReference; explicitFileType = wrapper.cfbundle; includeInIndex = 0; path = "greenhouse-ios-enterpriseTests.xctest"; sourceTree = BUILT_PRODUCTS_DIR; };
		7778123F1ADD36600083C2C7 /* Info.plist */ = {isa = PBXFileReference; lastKnownFileType = text.plist.xml; path = Info.plist; sourceTree = "<group>"; };
		777812401ADD36600083C2C7 /* greenhouse_ios_enterpriseTests.m */ = {isa = PBXFileReference; lastKnownFileType = sourcecode.c.objc; path = greenhouse_ios_enterpriseTests.m; sourceTree = "<group>"; };
/* End PBXFileReference section */

/* Begin PBXFrameworksBuildPhase section */
		7778121B1ADD36600083C2C7 /* Frameworks */ = {
			isa = PBXFrameworksBuildPhase;
			buildActionMask = 2147483647;
			files = (
			);
			runOnlyForDeploymentPostprocessing = 0;
		};
		777812371ADD36600083C2C7 /* Frameworks */ = {
			isa = PBXFrameworksBuildPhase;
			buildActionMask = 2147483647;
			files = (
			);
			runOnlyForDeploymentPostprocessing = 0;
		};
/* End PBXFrameworksBuildPhase section */

/* Begin PBXGroup section */
		777812151ADD36600083C2C7 = {
			isa = PBXGroup;
			children = (
				777812201ADD36600083C2C7 /* greenhouse-ios-enterprise */,
				7778123D1ADD36600083C2C7 /* greenhouse-ios-enterpriseTests */,
				7778121F1ADD36600083C2C7 /* Products */,
			);
			sourceTree = "<group>";
		};
		7778121F1ADD36600083C2C7 /* Products */ = {
			isa = PBXGroup;
			children = (
				7778121E1ADD36600083C2C7 /* greenhouse-ios-enterprise.app */,
				7778123A1ADD36600083C2C7 /* greenhouse-ios-enterpriseTests.xctest */,
			);
			name = Products;
			sourceTree = "<group>";
		};
		777812201ADD36600083C2C7 /* greenhouse-ios-enterprise */ = {
			isa = PBXGroup;
			children = (
				777812251ADD36600083C2C7 /* AppDelegate.h */,
				777812261ADD36600083C2C7 /* AppDelegate.m */,
				777812281ADD36600083C2C7 /* MasterViewController.h */,
				777812291ADD36600083C2C7 /* MasterViewController.m */,
				7778122B1ADD36600083C2C7 /* DetailViewController.h */,
				7778122C1ADD36600083C2C7 /* DetailViewController.m */,
				7778122E1ADD36600083C2C7 /* Main.storyboard */,
				777812311ADD36600083C2C7 /* Images.xcassets */,
				777812331ADD36600083C2C7 /* LaunchScreen.xib */,
				777812211ADD36600083C2C7 /* Supporting Files */,
			);
			path = "greenhouse-ios-enterprise";
			sourceTree = "<group>";
		};
		777812211ADD36600083C2C7 /* Supporting Files */ = {
			isa = PBXGroup;
			children = (
				777812221ADD36600083C2C7 /* Info.plist */,
				777812231ADD36600083C2C7 /* main.m */,
			);
			name = "Supporting Files";
			sourceTree = "<group>";
		};
		7778123D1ADD36600083C2C7 /* greenhouse-ios-enterpriseTests */ = {
			isa = PBXGroup;
			children = (
				777812401ADD36600083C2C7 /* greenhouse_ios_enterpriseTests.m */,
				7778123E1ADD36600083C2C7 /* Supporting Files */,
			);
			path = "greenhouse-ios-enterpriseTests";
			sourceTree = "<group>";
		};
		7778123E1ADD36600083C2C7 /* Supporting Files */ = {
			isa = PBXGroup;
			children = (
				7778123F1ADD36600083C2C7 /* Info.plist */,
			);
			name = "Supporting Files";
			sourceTree = "<group>";
		};
/* End PBXGroup section */

/* Begin PBXNativeTarget section */
		7778121D1ADD36600083C2C7 /* greenhouse-ios-enterprise */ = {
			isa = PBXNativeTarget;
			buildConfigurationList = 777812441ADD36600083C2C7 /* Build configuration list for PBXNativeTarget "greenhouse-ios-enterprise" */;
			buildPhases = (
				7778121A1ADD36600083C2C7 /* Sources */,
				7778121B1ADD36600083C2C7 /* Frameworks */,
				7778121C1ADD36600083C2C7 /* Resources */,
			);
			buildRules = (
			);
			dependencies = (
			);
			name = "greenhouse-ios-enterprise";
			productName = "greenhouse-ios-enterprise";
			productReference = 7778121E1ADD36600083C2C7 /* greenhouse-ios-enterprise.app */;
			productType = "com.apple.product-type.application";
		};
		777812391ADD36600083C2C7 /* greenhouse-ios-enterpriseTests */ = {
			isa = PBXNativeTarget;
			buildConfigurationList = 777812471ADD36600083C2C7 /* Build configuration list for PBXNativeTarget "greenhouse-ios-enterpriseTests" */;
			buildPhases = (
				777812361ADD36600083C2C7 /* Sources */,
				777812371ADD36600083C2C7 /* Frameworks */,
				777812381ADD36600083C2C7 /* Resources */,
			);
			buildRules = (
			);
			dependencies = (
				7778123C1ADD36600083C2C7 /* PBXTargetDependency */,
			);
			name = "greenhouse-ios-enterpriseTests";
			productName = "greenhouse-ios-enterpriseTests";
			productReference = 7778123A1ADD36600083C2C7 /* greenhouse-ios-enterpriseTests.xctest */;
			productType = "com.apple.product-type.bundle.unit-test";
		};
/* End PBXNativeTarget section */

/* Begin PBXProject section */
		777812161ADD36600083C2C7 /* Project object */ = {
			isa = PBXProject;
			attributes = {
				LastUpgradeCheck = 0630;
				ORGANIZATIONNAME = greenhouse;
				TargetAttributes = {
					7778121D1ADD36600083C2C7 = {
						CreatedOnToolsVersion = 6.3;
					};
					777812391ADD36600083C2C7 = {
						CreatedOnToolsVersion = 6.3;
						TestTargetID = 7778121D1ADD36600083C2C7;
					};
				};
			};
			buildConfigurationList = 777812191ADD36600083C2C7 /* Build configuration list for PBXProject "greenhouse-ios-enterprise" */;
			compatibilityVersion = "Xcode 3.2";
			developmentRegion = English;
			hasScannedForEncodings = 0;
			knownRegions = (
				en,
				Base,
			);
			mainGroup = 777812151ADD36600083C2C7;
			productRefGroup = 7778121F1ADD36600083C2C7 /* Products */;
			projectDirPath = "";
			projectRoot = "";
			targets = (
				7778121D1ADD36600083C2C7 /* greenhouse-ios-enterprise */,
				777812391ADD36600083C2C7 /* greenhouse-ios-enterpriseTests */,
			);
		};
/* End PBXProject section */

/* Begin PBXResourcesBuildPhase section */
		7778121C1ADD36600083C2C7 /* Resources */ = {
			isa = PBXResourcesBuildPhase;
			buildActionMask = 2147483647;
			files = (
				777812301ADD36600083C2C7 /* Main.storyboard in Resources */,
				777812351ADD36600083C2C7 /* LaunchScreen.xib in Resources */,
				777812321ADD36600083C2C7 /* Images.xcassets in Resources */,
			);
			runOnlyForDeploymentPostprocessing = 0;
		};
		777812381ADD36600083C2C7 /* Resources */ = {
			isa = PBXResourcesBuildPhase;
			buildActionMask = 2147483647;
			files = (
			);
			runOnlyForDeploymentPostprocessing = 0;
		};
/* End PBXResourcesBuildPhase section */

/* Begin PBXSourcesBuildPhase section */
		7778121A1ADD36600083C2C7 /* Sources */ = {
			isa = PBXSourcesBuildPhase;
			buildActionMask = 2147483647;
			files = (
				777812271ADD36600083C2C7 /* AppDelegate.m in Sources */,
				7778122A1ADD36600083C2C7 /* MasterViewController.m in Sources */,
				777812241ADD36600083C2C7 /* main.m in Sources */,
				7778122D1ADD36600083C2C7 /* DetailViewController.m in Sources */,
			);
			runOnlyForDeploymentPostprocessing = 0;
		};
		777812361ADD36600083C2C7 /* Sources */ = {
			isa = PBXSourcesBuildPhase;
			buildActionMask = 2147483647;
			files = (
				777812411ADD36600083C2C7 /* greenhouse_ios_enterpriseTests.m in Sources */,
			);
			runOnlyForDeploymentPostprocessing = 0;
		};
/* End PBXSourcesBuildPhase section */

/* Begin PBXTargetDependency section */
		7778123C1ADD36600083C2C7 /* PBXTargetDependency */ = {
			isa = PBXTargetDependency;
			target = 7778121D1ADD36600083C2C7 /* greenhouse-ios-enterprise */;
			targetProxy = 7778123B1ADD36600083C2C7 /* PBXContainerItemProxy */;
		};
/* End PBXTargetDependency section */

/* Begin PBXVariantGroup section */
		7778122E1ADD36600083C2C7 /* Main.storyboard */ = {
			isa = PBXVariantGroup;
			children = (
				7778122F1ADD36600083C2C7 /* Base */,
			);
			name = Main.storyboard;
			sourceTree = "<group>";
		};
		777812331ADD36600083C2C7 /* LaunchScreen.xib */ = {
			isa = PBXVariantGroup;
			children = (
				777812341ADD36600083C2C7 /* Base */,
			);
			name = LaunchScreen.xib;
			sourceTree = "<group>";
		};
/* End PBXVariantGroup section */

/* Begin XCBuildConfiguration section */
		777812421ADD36600083C2C7 /* Debug */ = {
			isa = XCBuildConfiguration;
			buildSettings = {
				ALWAYS_SEARCH_USER_PATHS = NO;
				CLANG_CXX_LANGUAGE_STANDARD = "gnu++0x";
				CLANG_CXX_LIBRARY = "libc++";
				CLANG_ENABLE_MODULES = YES;
				CLANG_ENABLE_OBJC_ARC = YES;
				CLANG_WARN_BOOL_CONVERSION = YES;
				CLANG_WARN_CONSTANT_CONVERSION = YES;
				CLANG_WARN_DIRECT_OBJC_ISA_USAGE = YES_ERROR;
				CLANG_WARN_EMPTY_BODY = YES;
				CLANG_WARN_ENUM_CONVERSION = YES;
				CLANG_WARN_INT_CONVERSION = YES;
				CLANG_WARN_OBJC_ROOT_CLASS = YES_ERROR;
				CLANG_WARN_UNREACHABLE_CODE = YES;
				CLANG_WARN__DUPLICATE_METHOD_MATCH = YES;
				"CODE_SIGN_IDENTITY[sdk=iphoneos*]" = "iPhone Developer";
				COPY_PHASE_STRIP = NO;
				DEBUG_INFORMATION_FORMAT = "dwarf-with-dsym";
				ENABLE_STRICT_OBJC_MSGSEND = YES;
				GCC_C_LANGUAGE_STANDARD = gnu99;
				GCC_DYNAMIC_NO_PIC = NO;
				GCC_NO_COMMON_BLOCKS = YES;
				GCC_OPTIMIZATION_LEVEL = 0;
				GCC_PREPROCESSOR_DEFINITIONS = (
					"DEBUG=1",
					"$(inherited)",
				);
				GCC_SYMBOLS_PRIVATE_EXTERN = NO;
				GCC_WARN_64_TO_32_BIT_CONVERSION = YES;
				GCC_WARN_ABOUT_RETURN_TYPE = YES_ERROR;
				GCC_WARN_UNDECLARED_SELECTOR = YES;
				GCC_WARN_UNINITIALIZED_AUTOS = YES_AGGRESSIVE;
				GCC_WARN_UNUSED_FUNCTION = YES;
				GCC_WARN_UNUSED_VARIABLE = YES;
				IPHONEOS_DEPLOYMENT_TARGET = 8.3;
				MTL_ENABLE_DEBUG_INFO = YES;
				ONLY_ACTIVE_ARCH = YES;
				SDKROOT = iphoneos;
				TARGETED_DEVICE_FAMILY = "1,2";
			};
			name = Debug;
		};
		777812431ADD36600083C2C7 /* Release */ = {
			isa = XCBuildConfiguration;
			buildSettings = {
				ALWAYS_SEARCH_USER_PATHS = NO;
				CLANG_CXX_LANGUAGE_STANDARD = "gnu++0x";
				CLANG_CXX_LIBRARY = "libc++";
				CLANG_ENABLE_MODULES = YES;
				CLANG_ENABLE_OBJC_ARC = YES;
				CLANG_WARN_BOOL_CONVERSION = YES;
				CLANG_WARN_CONSTANT_CONVERSION = YES;
				CLANG_WARN_DIRECT_OBJC_ISA_USAGE = YES_ERROR;
				CLANG_WARN_EMPTY_BODY = YES;
				CLANG_WARN_ENUM_CONVERSION = YES;
				CLANG_WARN_INT_CONVERSION = YES;
				CLANG_WARN_OBJC_ROOT_CLASS = YES_ERROR;
				CLANG_WARN_UNREACHABLE_CODE = YES;
				CLANG_WARN__DUPLICATE_METHOD_MATCH = YES;
				"CODE_SIGN_IDENTITY[sdk=iphoneos*]" = "iPhone Developer";
				COPY_PHASE_STRIP = NO;
				DEBUG_INFORMATION_FORMAT = "dwarf-with-dsym";
				ENABLE_NS_ASSERTIONS = NO;
				ENABLE_STRICT_OBJC_MSGSEND = YES;
				GCC_C_LANGUAGE_STANDARD = gnu99;
				GCC_NO_COMMON_BLOCKS = YES;
				GCC_WARN_64_TO_32_BIT_CONVERSION = YES;
				GCC_WARN_ABOUT_RETURN_TYPE = YES_ERROR;
				GCC_WARN_UNDECLARED_SELECTOR = YES;
				GCC_WARN_UNINITIALIZED_AUTOS = YES_AGGRESSIVE;
				GCC_WARN_UNUSED_FUNCTION = YES;
				GCC_WARN_UNUSED_VARIABLE = YES;
				IPHONEOS_DEPLOYMENT_TARGET = 8.3;
				MTL_ENABLE_DEBUG_INFO = NO;
				SDKROOT = iphoneos;
				TARGETED_DEVICE_FAMILY = "1,2";
				VALIDATE_PRODUCT = YES;
			};
			name = Release;
		};
		777812451ADD36600083C2C7 /* Debug */ = {
			isa = XCBuildConfiguration;
			buildSettings = {
				ASSETCATALOG_COMPILER_APPICON_NAME = AppIcon;
				INFOPLIST_FILE = "greenhouse-ios-enterprise/Info.plist";
				LD_RUNPATH_SEARCH_PATHS = "$(inherited) @executable_path/Frameworks";
				PRODUCT_NAME = "$(TARGET_NAME)";
			};
			name = Debug;
		};
		777812461ADD36600083C2C7 /* Release */ = {
			isa = XCBuildConfiguration;
			buildSettings = {
				ASSETCATALOG_COMPILER_APPICON_NAME = AppIcon;
				INFOPLIST_FILE = "greenhouse-ios-enterprise/Info.plist";
				LD_RUNPATH_SEARCH_PATHS = "$(inherited) @executable_path/Frameworks";
				PRODUCT_NAME = "$(TARGET_NAME)";
			};
			name = Release;
		};
		777812481ADD36600083C2C7 /* Debug */ = {
			isa = XCBuildConfiguration;
			buildSettings = {
				BUNDLE_LOADER = "$(TEST_HOST)";
				FRAMEWORK_SEARCH_PATHS = (
					"$(SDKROOT)/Developer/Library/Frameworks",
					"$(inherited)",
				);
				GCC_PREPROCESSOR_DEFINITIONS = (
					"DEBUG=1",
					"$(inherited)",
				);
				INFOPLIST_FILE = "greenhouse-ios-enterpriseTests/Info.plist";
				LD_RUNPATH_SEARCH_PATHS = "$(inherited) @executable_path/Frameworks @loader_path/Frameworks";
				PRODUCT_NAME = "$(TARGET_NAME)";
				TEST_HOST = "$(BUILT_PRODUCTS_DIR)/greenhouse-ios-enterprise.app/greenhouse-ios-enterprise";
			};
			name = Debug;
		};
		777812491ADD36600083C2C7 /* Release */ = {
			isa = XCBuildConfiguration;
			buildSettings = {
				BUNDLE_LOADER = "$(TEST_HOST)";
				FRAMEWORK_SEARCH_PATHS = (
					"$(SDKROOT)/Developer/Library/Frameworks",
					"$(inherited)",
				);
				INFOPLIST_FILE = "greenhouse-ios-enterpriseTests/Info.plist";
				LD_RUNPATH_SEARCH_PATHS = "$(inherited) @executable_path/Frameworks @loader_path/Frameworks";
				PRODUCT_NAME = "$(TARGET_NAME)";
				TEST_HOST = "$(BUILT_PRODUCTS_DIR)/greenhouse-ios-enterprise.app/greenhouse-ios-enterprise";
			};
			name = Release;
		};
/* End XCBuildConfiguration section */

/* Begin XCConfigurationList section */
		777812191ADD36600083C2C7 /* Build configuration list for PBXProject "greenhouse-ios-enterprise" */ = {
			isa = XCConfigurationList;
			buildConfigurations = (
				777812421ADD36600083C2C7 /* Debug */,
				777812431ADD36600083C2C7 /* Release */,
			);
			defaultConfigurationIsVisible = 0;
			defaultConfigurationName = Release;
		};
		777812441ADD36600083C2C7 /* Build configuration list for PBXNativeTarget "greenhouse-ios-enterprise" */ = {
			isa = XCConfigurationList;
			buildConfigurations = (
				777812451ADD36600083C2C7 /* Debug */,
				777812461ADD36600083C2C7 /* Release */,
			);
			defaultConfigurationIsVisible = 0;
		};
		777812471ADD36600083C2C7 /* Build configuration list for PBXNativeTarget "greenhouse-ios-enterpriseTests" */ = {
			isa = XCConfigurationList;
			buildConfigurations = (
				777812481ADD36600083C2C7 /* Debug */,
				777812491ADD36600083C2C7 /* Release */,
			);
			defaultConfigurationIsVisible = 0;
		};
/* End XCConfigurationList section */
	};
	rootObject = 777812161ADD36600083C2C7 /* Project object */;
}
