// !$*UTF8*$!
{
	archiveVersion = 1;
	classes = {
	};
	objectVersion = 46;
	objects = {

/* Begin PBXBuildFile section */
		7724897A19DE996C0058E934 /* ActionViewController.swift in Sources */ = {isa = PBXBuildFile; fileRef = 7724897919DE996C0058E934 /* ActionViewController.swift */; };
		7724897C19DE996C0058E934 /* MainInterface.storyboard in Resources */ = {isa = PBXBuildFile; fileRef = 7724897B19DE996C0058E934 /* MainInterface.storyboard */; };
		7724897F19DE996C0058E934 /* GHActionExtension.appex in Embed App Extensions */ = {isa = PBXBuildFile; fileRef = 7724897519DE996C0058E934 /* GHActionExtension.appex */; settings = {ATTRIBUTES = (RemoveHeadersOnCopy, ); }; };
		776BEEB9192A00C900FB13E6 /* greenhouse_otherTests.m in Sources */ = {isa = PBXBuildFile; fileRef = 776BEEB8192A00C900FB13E6 /* greenhouse_otherTests.m */; };
		776BEEBD192A01DD00FB13E6 /* greenhouse_moreTests.m in Sources */ = {isa = PBXBuildFile; fileRef = 776BEEBC192A01DD00FB13E6 /* greenhouse_moreTests.m */; };
		7791B6E918BF8B2E00EA3020 /* Foundation.framework in Frameworks */ = {isa = PBXBuildFile; fileRef = 7791B6E818BF8B2E00EA3020 /* Foundation.framework */; };
		7791B6EB18BF8B2E00EA3020 /* CoreGraphics.framework in Frameworks */ = {isa = PBXBuildFile; fileRef = 7791B6EA18BF8B2E00EA3020 /* CoreGraphics.framework */; };
		7791B6ED18BF8B2E00EA3020 /* UIKit.framework in Frameworks */ = {isa = PBXBuildFile; fileRef = 7791B6EC18BF8B2E00EA3020 /* UIKit.framework */; };
		7791B6F318BF8B2E00EA3020 /* InfoPlist.strings in Resources */ = {isa = PBXBuildFile; fileRef = 7791B6F118BF8B2E00EA3020 /* InfoPlist.strings */; };
		7791B6F518BF8B2E00EA3020 /* main.m in Sources */ = {isa = PBXBuildFile; fileRef = 7791B6F418BF8B2E00EA3020 /* main.m */; };
		7791B6F918BF8B2E00EA3020 /* AppDelegate.m in Sources */ = {isa = PBXBuildFile; fileRef = 7791B6F818BF8B2E00EA3020 /* AppDelegate.m */; };
		7791B6FC18BF8B2E00EA3020 /* Main_iPhone.storyboard in Resources */ = {isa = PBXBuildFile; fileRef = 7791B6FA18BF8B2E00EA3020 /* Main_iPhone.storyboard */; };
		7791B6FF18BF8B2E00EA3020 /* Main_iPad.storyboard in Resources */ = {isa = PBXBuildFile; fileRef = 7791B6FD18BF8B2E00EA3020 /* Main_iPad.storyboard */; };
		7791B70218BF8B2E00EA3020 /* ViewController.m in Sources */ = {isa = PBXBuildFile; fileRef = 7791B70118BF8B2E00EA3020 /* ViewController.m */; };
		7791B70418BF8B2E00EA3020 /* Images.xcassets in Resources */ = {isa = PBXBuildFile; fileRef = 7791B70318BF8B2E00EA3020 /* Images.xcassets */; };
		7791B70B18BF8B2E00EA3020 /* XCTest.framework in Frameworks */ = {isa = PBXBuildFile; fileRef = 7791B70A18BF8B2E00EA3020 /* XCTest.framework */; };
		7791B70C18BF8B2E00EA3020 /* Foundation.framework in Frameworks */ = {isa = PBXBuildFile; fileRef = 7791B6E818BF8B2E00EA3020 /* Foundation.framework */; };
		7791B70D18BF8B2E00EA3020 /* UIKit.framework in Frameworks */ = {isa = PBXBuildFile; fileRef = 7791B6EC18BF8B2E00EA3020 /* UIKit.framework */; };
		7791B71518BF8B2E00EA3020 /* InfoPlist.strings in Resources */ = {isa = PBXBuildFile; fileRef = 7791B71318BF8B2E00EA3020 /* InfoPlist.strings */; };
		7791B71718BF8B2E00EA3020 /* greenhouse_iosTests.m in Sources */ = {isa = PBXBuildFile; fileRef = 7791B71618BF8B2E00EA3020 /* greenhouse_iosTests.m */; };
/* End PBXBuildFile section */

/* Begin PBXContainerItemProxy section */
		7724897D19DE996C0058E934 /* PBXContainerItemProxy */ = {
			isa = PBXContainerItemProxy;
			containerPortal = 7791B6DD18BF8B2D00EA3020 /* Project object */;
			proxyType = 1;
			remoteGlobalIDString = 7724897419DE996C0058E934;
			remoteInfo = GHActionExtension;
		};
		7724898019DE996C0058E934 /* PBXContainerItemProxy */ = {
			isa = PBXContainerItemProxy;
			containerPortal = 7791B6DD18BF8B2D00EA3020 /* Project object */;
			proxyType = 1;
			remoteGlobalIDString = 7724897419DE996C0058E934;
			remoteInfo = GHActionExtension;
		};
		7791B70E18BF8B2E00EA3020 /* PBXContainerItemProxy */ = {
			isa = PBXContainerItemProxy;
			containerPortal = 7791B6DD18BF8B2D00EA3020 /* Project object */;
			proxyType = 1;
			remoteGlobalIDString = 7791B6E418BF8B2D00EA3020;
			remoteInfo = "greenhouse-ios";
		};
/* End PBXContainerItemProxy section */

/* Begin PBXCopyFilesBuildPhase section */
		7724898519DE996C0058E934 /* Embed App Extensions */ = {
			isa = PBXCopyFilesBuildPhase;
			buildActionMask = 2147483647;
			dstPath = "";
			dstSubfolderSpec = 13;
			files = (
				7724897F19DE996C0058E934 /* GHActionExtension.appex in Embed App Extensions */,
			);
			name = "Embed App Extensions";
			runOnlyForDeploymentPostprocessing = 0;
		};
/* End PBXCopyFilesBuildPhase section */

/* Begin PBXFileReference section */
		7724897519DE996C0058E934 /* GHActionExtension.appex */ = {isa = PBXFileReference; explicitFileType = "wrapper.app-extension"; includeInIndex = 0; path = GHActionExtension.appex; sourceTree = BUILT_PRODUCTS_DIR; };
		7724897819DE996C0058E934 /* Info.plist */ = {isa = PBXFileReference; lastKnownFileType = text.plist.xml; path = Info.plist; sourceTree = "<group>"; };
		7724897919DE996C0058E934 /* ActionViewController.swift */ = {isa = PBXFileReference; lastKnownFileType = sourcecode.swift; path = ActionViewController.swift; sourceTree = "<group>"; };
		7724897B19DE996C0058E934 /* MainInterface.storyboard */ = {isa = PBXFileReference; lastKnownFileType = file.storyboard; path = MainInterface.storyboard; sourceTree = "<group>"; };
		776BEEB8192A00C900FB13E6 /* greenhouse_otherTests.m */ = {isa = PBXFileReference; fileEncoding = 4; lastKnownFileType = sourcecode.c.objc; path = greenhouse_otherTests.m; sourceTree = "<group>"; };
		776BEEBC192A01DD00FB13E6 /* greenhouse_moreTests.m */ = {isa = PBXFileReference; fileEncoding = 4; lastKnownFileType = sourcecode.c.objc; path = greenhouse_moreTests.m; sourceTree = "<group>"; };
		7791B6E518BF8B2E00EA3020 /* greenhouse-ios.app */ = {isa = PBXFileReference; explicitFileType = wrapper.application; includeInIndex = 0; path = "greenhouse-ios.app"; sourceTree = BUILT_PRODUCTS_DIR; };
		7791B6E818BF8B2E00EA3020 /* Foundation.framework */ = {isa = PBXFileReference; lastKnownFileType = wrapper.framework; name = Foundation.framework; path = System/Library/Frameworks/Foundation.framework; sourceTree = SDKROOT; };
		7791B6EA18BF8B2E00EA3020 /* CoreGraphics.framework */ = {isa = PBXFileReference; lastKnownFileType = wrapper.framework; name = CoreGraphics.framework; path = System/Library/Frameworks/CoreGraphics.framework; sourceTree = SDKROOT; };
		7791B6EC18BF8B2E00EA3020 /* UIKit.framework */ = {isa = PBXFileReference; lastKnownFileType = wrapper.framework; name = UIKit.framework; path = System/Library/Frameworks/UIKit.framework; sourceTree = SDKROOT; };
		7791B6F018BF8B2E00EA3020 /* greenhouse-ios-Info.plist */ = {isa = PBXFileReference; lastKnownFileType = text.plist.xml; path = "greenhouse-ios-Info.plist"; sourceTree = "<group>"; };
		7791B6F218BF8B2E00EA3020 /* en */ = {isa = PBXFileReference; lastKnownFileType = text.plist.strings; name = en; path = en.lproj/InfoPlist.strings; sourceTree = "<group>"; };
		7791B6F418BF8B2E00EA3020 /* main.m */ = {isa = PBXFileReference; lastKnownFileType = sourcecode.c.objc; path = main.m; sourceTree = "<group>"; };
		7791B6F618BF8B2E00EA3020 /* greenhouse-ios-Prefix.pch */ = {isa = PBXFileReference; lastKnownFileType = sourcecode.c.h; path = "greenhouse-ios-Prefix.pch"; sourceTree = "<group>"; };
		7791B6F718BF8B2E00EA3020 /* AppDelegate.h */ = {isa = PBXFileReference; lastKnownFileType = sourcecode.c.h; path = AppDelegate.h; sourceTree = "<group>"; };
		7791B6F818BF8B2E00EA3020 /* AppDelegate.m */ = {isa = PBXFileReference; lastKnownFileType = sourcecode.c.objc; path = AppDelegate.m; sourceTree = "<group>"; };
		7791B6FB18BF8B2E00EA3020 /* Base */ = {isa = PBXFileReference; lastKnownFileType = file.storyboard; name = Base; path = Base.lproj/Main_iPhone.storyboard; sourceTree = "<group>"; };
		7791B6FE18BF8B2E00EA3020 /* Base */ = {isa = PBXFileReference; lastKnownFileType = file.storyboard; name = Base; path = Base.lproj/Main_iPad.storyboard; sourceTree = "<group>"; };
		7791B70018BF8B2E00EA3020 /* ViewController.h */ = {isa = PBXFileReference; lastKnownFileType = sourcecode.c.h; path = ViewController.h; sourceTree = "<group>"; };
		7791B70118BF8B2E00EA3020 /* ViewController.m */ = {isa = PBXFileReference; lastKnownFileType = sourcecode.c.objc; path = ViewController.m; sourceTree = "<group>"; };
		7791B70318BF8B2E00EA3020 /* Images.xcassets */ = {isa = PBXFileReference; lastKnownFileType = folder.assetcatalog; path = Images.xcassets; sourceTree = "<group>"; };
		7791B70918BF8B2E00EA3020 /* greenhouse-iosTests.xctest */ = {isa = PBXFileReference; explicitFileType = wrapper.cfbundle; includeInIndex = 0; path = "greenhouse-iosTests.xctest"; sourceTree = BUILT_PRODUCTS_DIR; };
		7791B70A18BF8B2E00EA3020 /* XCTest.framework */ = {isa = PBXFileReference; lastKnownFileType = wrapper.framework; name = XCTest.framework; path = Library/Frameworks/XCTest.framework; sourceTree = DEVELOPER_DIR; };
		7791B71218BF8B2E00EA3020 /* greenhouse-iosTests-Info.plist */ = {isa = PBXFileReference; lastKnownFileType = text.plist.xml; path = "greenhouse-iosTests-Info.plist"; sourceTree = "<group>"; };
		7791B71418BF8B2E00EA3020 /* en */ = {isa = PBXFileReference; lastKnownFileType = text.plist.strings; name = en; path = en.lproj/InfoPlist.strings; sourceTree = "<group>"; };
		7791B71618BF8B2E00EA3020 /* greenhouse_iosTests.m */ = {isa = PBXFileReference; lastKnownFileType = sourcecode.c.objc; path = greenhouse_iosTests.m; sourceTree = "<group>"; };
/* End PBXFileReference section */

/* Begin PBXFrameworksBuildPhase section */
		7724897219DE996C0058E934 /* Frameworks */ = {
			isa = PBXFrameworksBuildPhase;
			buildActionMask = 2147483647;
			files = (
			);
			runOnlyForDeploymentPostprocessing = 0;
		};
		7791B6E218BF8B2D00EA3020 /* Frameworks */ = {
			isa = PBXFrameworksBuildPhase;
			buildActionMask = 2147483647;
			files = (
				7791B6EB18BF8B2E00EA3020 /* CoreGraphics.framework in Frameworks */,
				7791B6ED18BF8B2E00EA3020 /* UIKit.framework in Frameworks */,
				7791B6E918BF8B2E00EA3020 /* Foundation.framework in Frameworks */,
			);
			runOnlyForDeploymentPostprocessing = 0;
		};
		7791B70618BF8B2E00EA3020 /* Frameworks */ = {
			isa = PBXFrameworksBuildPhase;
			buildActionMask = 2147483647;
			files = (
				7791B70B18BF8B2E00EA3020 /* XCTest.framework in Frameworks */,
				7791B70D18BF8B2E00EA3020 /* UIKit.framework in Frameworks */,
				7791B70C18BF8B2E00EA3020 /* Foundation.framework in Frameworks */,
			);
			runOnlyForDeploymentPostprocessing = 0;
		};
/* End PBXFrameworksBuildPhase section */

/* Begin PBXGroup section */
		7724897619DE996C0058E934 /* GHActionExtension */ = {
			isa = PBXGroup;
			children = (
				7724897919DE996C0058E934 /* ActionViewController.swift */,
				7724897B19DE996C0058E934 /* MainInterface.storyboard */,
				7724897719DE996C0058E934 /* Supporting Files */,
			);
			path = GHActionExtension;
			sourceTree = "<group>";
		};
		7724897719DE996C0058E934 /* Supporting Files */ = {
			isa = PBXGroup;
			children = (
				7724897819DE996C0058E934 /* Info.plist */,
			);
			name = "Supporting Files";
			sourceTree = "<group>";
		};
		7791B6DC18BF8B2D00EA3020 = {
			isa = PBXGroup;
			children = (
				7791B6EE18BF8B2E00EA3020 /* greenhouse-ios */,
				7791B71018BF8B2E00EA3020 /* greenhouse-iosTests */,
				7724897619DE996C0058E934 /* GHActionExtension */,
				7791B6E718BF8B2E00EA3020 /* Frameworks */,
				7791B6E618BF8B2E00EA3020 /* Products */,
			);
			sourceTree = "<group>";
		};
		7791B6E618BF8B2E00EA3020 /* Products */ = {
			isa = PBXGroup;
			children = (
				7791B6E518BF8B2E00EA3020 /* greenhouse-ios.app */,
				7791B70918BF8B2E00EA3020 /* greenhouse-iosTests.xctest */,
				7724897519DE996C0058E934 /* GHActionExtension.appex */,
			);
			name = Products;
			sourceTree = "<group>";
		};
		7791B6E718BF8B2E00EA3020 /* Frameworks */ = {
			isa = PBXGroup;
			children = (
				7791B6E818BF8B2E00EA3020 /* Foundation.framework */,
				7791B6EA18BF8B2E00EA3020 /* CoreGraphics.framework */,
				7791B6EC18BF8B2E00EA3020 /* UIKit.framework */,
				7791B70A18BF8B2E00EA3020 /* XCTest.framework */,
			);
			name = Frameworks;
			sourceTree = "<group>";
		};
		7791B6EE18BF8B2E00EA3020 /* greenhouse-ios */ = {
			isa = PBXGroup;
			children = (
				7791B6F718BF8B2E00EA3020 /* AppDelegate.h */,
				7791B6F818BF8B2E00EA3020 /* AppDelegate.m */,
				7791B6FA18BF8B2E00EA3020 /* Main_iPhone.storyboard */,
				7791B6FD18BF8B2E00EA3020 /* Main_iPad.storyboard */,
				7791B70018BF8B2E00EA3020 /* ViewController.h */,
				7791B70118BF8B2E00EA3020 /* ViewController.m */,
				7791B70318BF8B2E00EA3020 /* Images.xcassets */,
				7791B6EF18BF8B2E00EA3020 /* Supporting Files */,
			);
			path = "greenhouse-ios";
			sourceTree = "<group>";
		};
		7791B6EF18BF8B2E00EA3020 /* Supporting Files */ = {
			isa = PBXGroup;
			children = (
				7791B6F018BF8B2E00EA3020 /* greenhouse-ios-Info.plist */,
				7791B6F118BF8B2E00EA3020 /* InfoPlist.strings */,
				7791B6F418BF8B2E00EA3020 /* main.m */,
				7791B6F618BF8B2E00EA3020 /* greenhouse-ios-Prefix.pch */,
			);
			name = "Supporting Files";
			sourceTree = "<group>";
		};
		7791B71018BF8B2E00EA3020 /* greenhouse-iosTests */ = {
			isa = PBXGroup;
			children = (
				7791B71618BF8B2E00EA3020 /* greenhouse_iosTests.m */,
				7791B71118BF8B2E00EA3020 /* Supporting Files */,
				776BEEB8192A00C900FB13E6 /* greenhouse_otherTests.m */,
				776BEEBC192A01DD00FB13E6 /* greenhouse_moreTests.m */,
			);
			path = "greenhouse-iosTests";
			sourceTree = "<group>";
		};
		7791B71118BF8B2E00EA3020 /* Supporting Files */ = {
			isa = PBXGroup;
			children = (
				7791B71218BF8B2E00EA3020 /* greenhouse-iosTests-Info.plist */,
				7791B71318BF8B2E00EA3020 /* InfoPlist.strings */,
			);
			name = "Supporting Files";
			sourceTree = "<group>";
		};
/* End PBXGroup section */

/* Begin PBXNativeTarget section */
		7724897419DE996C0058E934 /* GHActionExtension */ = {
			isa = PBXNativeTarget;
			buildConfigurationList = 7724898419DE996C0058E934 /* Build configuration list for PBXNativeTarget "GHActionExtension" */;
			buildPhases = (
				7724897119DE996C0058E934 /* Sources */,
				7724897219DE996C0058E934 /* Frameworks */,
				7724897319DE996C0058E934 /* Resources */,
			);
			buildRules = (
			);
			dependencies = (
			);
			name = GHActionExtension;
			productName = GHActionExtension;
			productReference = 7724897519DE996C0058E934 /* GHActionExtension.appex */;
			productType = "com.apple.product-type.app-extension";
		};
		7791B6E418BF8B2D00EA3020 /* greenhouse-ios */ = {
			isa = PBXNativeTarget;
			buildConfigurationList = 7791B71A18BF8B2E00EA3020 /* Build configuration list for PBXNativeTarget "greenhouse-ios" */;
			buildPhases = (
				7791B6E118BF8B2D00EA3020 /* Sources */,
				7791B6E218BF8B2D00EA3020 /* Frameworks */,
				7791B6E318BF8B2D00EA3020 /* Resources */,
				7724898519DE996C0058E934 /* Embed App Extensions */,
			);
			buildRules = (
			);
			dependencies = (
				7724897E19DE996C0058E934 /* PBXTargetDependency */,
				7724898119DE996C0058E934 /* PBXTargetDependency */,
			);
			name = "greenhouse-ios";
			productName = "greenhouse-ios";
			productReference = 7791B6E518BF8B2E00EA3020 /* greenhouse-ios.app */;
			productType = "com.apple.product-type.application";
		};
		7791B70818BF8B2E00EA3020 /* greenhouse-iosTests */ = {
			isa = PBXNativeTarget;
			buildConfigurationList = 7791B71D18BF8B2E00EA3020 /* Build configuration list for PBXNativeTarget "greenhouse-iosTests" */;
			buildPhases = (
				7791B70518BF8B2E00EA3020 /* Sources */,
				7791B70618BF8B2E00EA3020 /* Frameworks */,
				7791B70718BF8B2E00EA3020 /* Resources */,
			);
			buildRules = (
			);
			dependencies = (
				7791B70F18BF8B2E00EA3020 /* PBXTargetDependency */,
			);
			name = "greenhouse-iosTests";
			productName = "greenhouse-iosTests";
			productReference = 7791B70918BF8B2E00EA3020 /* greenhouse-iosTests.xctest */;
			productType = "com.apple.product-type.bundle.unit-test";
		};
/* End PBXNativeTarget section */

/* Begin PBXProject section */
		7791B6DD18BF8B2D00EA3020 /* Project object */ = {
			isa = PBXProject;
			attributes = {
				LastUpgradeCheck = 0500;
				ORGANIZATIONNAME = greenhouse;
				TargetAttributes = {
					7724897419DE996C0058E934 = {
						CreatedOnToolsVersion = 6.0.1;
					};
					7791B70818BF8B2E00EA3020 = {
						TestTargetID = 7791B6E418BF8B2D00EA3020;
					};
				};
			};
			buildConfigurationList = 7791B6E018BF8B2D00EA3020 /* Build configuration list for PBXProject "greenhouse-ios" */;
			compatibilityVersion = "Xcode 3.2";
			developmentRegion = English;
			hasScannedForEncodings = 0;
			knownRegions = (
				en,
				Base,
			);
			mainGroup = 7791B6DC18BF8B2D00EA3020;
			productRefGroup = 7791B6E618BF8B2E00EA3020 /* Products */;
			projectDirPath = "";
			projectRoot = "";
			targets = (
				7791B6E418BF8B2D00EA3020 /* greenhouse-ios */,
				7791B70818BF8B2E00EA3020 /* greenhouse-iosTests */,
				7724897419DE996C0058E934 /* GHActionExtension */,
			);
		};
/* End PBXProject section */

/* Begin PBXResourcesBuildPhase section */
		7724897319DE996C0058E934 /* Resources */ = {
			isa = PBXResourcesBuildPhase;
			buildActionMask = 2147483647;
			files = (
				7724897C19DE996C0058E934 /* MainInterface.storyboard in Resources */,
			);
			runOnlyForDeploymentPostprocessing = 0;
		};
		7791B6E318BF8B2D00EA3020 /* Resources */ = {
			isa = PBXResourcesBuildPhase;
			buildActionMask = 2147483647;
			files = (
				7791B6FF18BF8B2E00EA3020 /* Main_iPad.storyboard in Resources */,
				7791B70418BF8B2E00EA3020 /* Images.xcassets in Resources */,
				7791B6FC18BF8B2E00EA3020 /* Main_iPhone.storyboard in Resources */,
				7791B6F318BF8B2E00EA3020 /* InfoPlist.strings in Resources */,
			);
			runOnlyForDeploymentPostprocessing = 0;
		};
		7791B70718BF8B2E00EA3020 /* Resources */ = {
			isa = PBXResourcesBuildPhase;
			buildActionMask = 2147483647;
			files = (
				7791B71518BF8B2E00EA3020 /* InfoPlist.strings in Resources */,
			);
			runOnlyForDeploymentPostprocessing = 0;
		};
/* End PBXResourcesBuildPhase section */

/* Begin PBXSourcesBuildPhase section */
		7724897119DE996C0058E934 /* Sources */ = {
			isa = PBXSourcesBuildPhase;
			buildActionMask = 2147483647;
			files = (
				7724897A19DE996C0058E934 /* ActionViewController.swift in Sources */,
			);
			runOnlyForDeploymentPostprocessing = 0;
		};
		7791B6E118BF8B2D00EA3020 /* Sources */ = {
			isa = PBXSourcesBuildPhase;
			buildActionMask = 2147483647;
			files = (
				7791B70218BF8B2E00EA3020 /* ViewController.m in Sources */,
				7791B6F918BF8B2E00EA3020 /* AppDelegate.m in Sources */,
				7791B6F518BF8B2E00EA3020 /* main.m in Sources */,
			);
			runOnlyForDeploymentPostprocessing = 0;
		};
		7791B70518BF8B2E00EA3020 /* Sources */ = {
			isa = PBXSourcesBuildPhase;
			buildActionMask = 2147483647;
			files = (
				776BEEBD192A01DD00FB13E6 /* greenhouse_moreTests.m in Sources */,
				7791B71718BF8B2E00EA3020 /* greenhouse_iosTests.m in Sources */,
				776BEEB9192A00C900FB13E6 /* greenhouse_otherTests.m in Sources */,
			);
			runOnlyForDeploymentPostprocessing = 0;
		};
/* End PBXSourcesBuildPhase section */

/* Begin PBXTargetDependency section */
		7724897E19DE996C0058E934 /* PBXTargetDependency */ = {
			isa = PBXTargetDependency;
			target = 7724897419DE996C0058E934 /* GHActionExtension */;
			targetProxy = 7724897D19DE996C0058E934 /* PBXContainerItemProxy */;
		};
		7724898119DE996C0058E934 /* PBXTargetDependency */ = {
			isa = PBXTargetDependency;
			target = 7724897419DE996C0058E934 /* GHActionExtension */;
			targetProxy = 7724898019DE996C0058E934 /* PBXContainerItemProxy */;
		};
		7791B70F18BF8B2E00EA3020 /* PBXTargetDependency */ = {
			isa = PBXTargetDependency;
			target = 7791B6E418BF8B2D00EA3020 /* greenhouse-ios */;
			targetProxy = 7791B70E18BF8B2E00EA3020 /* PBXContainerItemProxy */;
		};
/* End PBXTargetDependency section */

/* Begin PBXVariantGroup section */
		7791B6F118BF8B2E00EA3020 /* InfoPlist.strings */ = {
			isa = PBXVariantGroup;
			children = (
				7791B6F218BF8B2E00EA3020 /* en */,
			);
			name = InfoPlist.strings;
			sourceTree = "<group>";
		};
		7791B6FA18BF8B2E00EA3020 /* Main_iPhone.storyboard */ = {
			isa = PBXVariantGroup;
			children = (
				7791B6FB18BF8B2E00EA3020 /* Base */,
			);
			name = Main_iPhone.storyboard;
			sourceTree = "<group>";
		};
		7791B6FD18BF8B2E00EA3020 /* Main_iPad.storyboard */ = {
			isa = PBXVariantGroup;
			children = (
				7791B6FE18BF8B2E00EA3020 /* Base */,
			);
			name = Main_iPad.storyboard;
			sourceTree = "<group>";
		};
		7791B71318BF8B2E00EA3020 /* InfoPlist.strings */ = {
			isa = PBXVariantGroup;
			children = (
				7791B71418BF8B2E00EA3020 /* en */,
			);
			name = InfoPlist.strings;
			sourceTree = "<group>";
		};
/* End PBXVariantGroup section */

/* Begin XCBuildConfiguration section */
		7724898219DE996C0058E934 /* Debug */ = {
			isa = XCBuildConfiguration;
			buildSettings = {
				CLANG_WARN_UNREACHABLE_CODE = YES;
				ENABLE_STRICT_OBJC_MSGSEND = YES;
				GCC_PREPROCESSOR_DEFINITIONS = (
					"DEBUG=1",
					"$(inherited)",
				);
				GCC_WARN_UNINITIALIZED_AUTOS = YES_AGGRESSIVE;
				INFOPLIST_FILE = GHActionExtension/Info.plist;
				IPHONEOS_DEPLOYMENT_TARGET = 8.0;
				LD_RUNPATH_SEARCH_PATHS = "$(inherited) @executable_path/Frameworks @executable_path/../../Frameworks";
				MTL_ENABLE_DEBUG_INFO = YES;
				PRODUCT_NAME = "$(TARGET_NAME)";
				SKIP_INSTALL = YES;
				SWIFT_OPTIMIZATION_LEVEL = "-Onone";
			};
			name = Debug;
		};
		7724898319DE996C0058E934 /* Release */ = {
			isa = XCBuildConfiguration;
			buildSettings = {
				CLANG_WARN_UNREACHABLE_CODE = YES;
				ENABLE_STRICT_OBJC_MSGSEND = YES;
				GCC_WARN_UNINITIALIZED_AUTOS = YES_AGGRESSIVE;
				INFOPLIST_FILE = GHActionExtension/Info.plist;
				IPHONEOS_DEPLOYMENT_TARGET = 8.0;
				LD_RUNPATH_SEARCH_PATHS = "$(inherited) @executable_path/Frameworks @executable_path/../../Frameworks";
				MTL_ENABLE_DEBUG_INFO = NO;
				PRODUCT_NAME = "$(TARGET_NAME)";
				SKIP_INSTALL = YES;
			};
			name = Release;
		};
		7791B71818BF8B2E00EA3020 /* Debug */ = {
			isa = XCBuildConfiguration;
			buildSettings = {
				ALWAYS_SEARCH_USER_PATHS = NO;
				ARCHS = "$(ARCHS_STANDARD_INCLUDING_64_BIT)";
				CLANG_CXX_LANGUAGE_STANDARD = "gnu++0x";
				CLANG_CXX_LIBRARY = "libc++";
				CLANG_ENABLE_MODULES = YES;
				CLANG_ENABLE_OBJC_ARC = YES;
				CLANG_WARN_BOOL_CONVERSION = YES;
				CLANG_WARN_CONSTANT_CONVERSION = YES;
				CLANG_WARN_DIRECT_OBJC_ISA_USAGE = YES_ERROR;
				CLANG_WARN_EMPTY_BODY = YES;
				CLANG_WARN_ENUM_CONVERSION = YES;
				CLANG_WARN_INT_CONVERSION = YES;
				CLANG_WARN_OBJC_ROOT_CLASS = YES_ERROR;
				CLANG_WARN__DUPLICATE_METHOD_MATCH = YES;
				"CODE_SIGN_IDENTITY[sdk=iphoneos*]" = "iPhone Developer";
				COPY_PHASE_STRIP = NO;
				GCC_C_LANGUAGE_STANDARD = gnu99;
				GCC_DYNAMIC_NO_PIC = NO;
				GCC_OPTIMIZATION_LEVEL = 0;
				GCC_PREPROCESSOR_DEFINITIONS = (
					"DEBUG=1",
					"$(inherited)",
				);
				GCC_SYMBOLS_PRIVATE_EXTERN = NO;
				GCC_WARN_64_TO_32_BIT_CONVERSION = YES;
				GCC_WARN_ABOUT_RETURN_TYPE = YES_ERROR;
				GCC_WARN_UNDECLARED_SELECTOR = YES;
				GCC_WARN_UNINITIALIZED_AUTOS = YES;
				GCC_WARN_UNUSED_FUNCTION = YES;
				GCC_WARN_UNUSED_VARIABLE = YES;
				IPHONEOS_DEPLOYMENT_TARGET = 7.0;
				ONLY_ACTIVE_ARCH = YES;
				SDKROOT = iphoneos;
				TARGETED_DEVICE_FAMILY = "1,2";
			};
			name = Debug;
		};
		7791B71918BF8B2E00EA3020 /* Release */ = {
			isa = XCBuildConfiguration;
			buildSettings = {
				ALWAYS_SEARCH_USER_PATHS = NO;
				ARCHS = "$(ARCHS_STANDARD_INCLUDING_64_BIT)";
				CLANG_CXX_LANGUAGE_STANDARD = "gnu++0x";
				CLANG_CXX_LIBRARY = "libc++";
				CLANG_ENABLE_MODULES = YES;
				CLANG_ENABLE_OBJC_ARC = YES;
				CLANG_WARN_BOOL_CONVERSION = YES;
				CLANG_WARN_CONSTANT_CONVERSION = YES;
				CLANG_WARN_DIRECT_OBJC_ISA_USAGE = YES_ERROR;
				CLANG_WARN_EMPTY_BODY = YES;
				CLANG_WARN_ENUM_CONVERSION = YES;
				CLANG_WARN_INT_CONVERSION = YES;
				CLANG_WARN_OBJC_ROOT_CLASS = YES_ERROR;
				CLANG_WARN__DUPLICATE_METHOD_MATCH = YES;
				"CODE_SIGN_IDENTITY[sdk=iphoneos*]" = "iPhone Developer";
				COPY_PHASE_STRIP = YES;
				ENABLE_NS_ASSERTIONS = NO;
				GCC_C_LANGUAGE_STANDARD = gnu99;
				GCC_WARN_64_TO_32_BIT_CONVERSION = YES;
				GCC_WARN_ABOUT_RETURN_TYPE = YES_ERROR;
				GCC_WARN_UNDECLARED_SELECTOR = YES;
				GCC_WARN_UNINITIALIZED_AUTOS = YES;
				GCC_WARN_UNUSED_FUNCTION = YES;
				GCC_WARN_UNUSED_VARIABLE = YES;
				IPHONEOS_DEPLOYMENT_TARGET = 7.0;
				SDKROOT = iphoneos;
				TARGETED_DEVICE_FAMILY = "1,2";
				VALIDATE_PRODUCT = YES;
			};
			name = Release;
		};
		7791B71B18BF8B2E00EA3020 /* Debug */ = {
			isa = XCBuildConfiguration;
			buildSettings = {
				ASSETCATALOG_COMPILER_APPICON_NAME = AppIcon;
				ASSETCATALOG_COMPILER_LAUNCHIMAGE_NAME = LaunchImage;
				GCC_PRECOMPILE_PREFIX_HEADER = YES;
				GCC_PREFIX_HEADER = "greenhouse-ios/greenhouse-ios-Prefix.pch";
				INFOPLIST_FILE = "greenhouse-ios/greenhouse-ios-Info.plist";
				PRODUCT_NAME = "$(TARGET_NAME)";
				WRAPPER_EXTENSION = app;
			};
			name = Debug;
		};
		7791B71C18BF8B2E00EA3020 /* Release */ = {
			isa = XCBuildConfiguration;
			buildSettings = {
				ASSETCATALOG_COMPILER_APPICON_NAME = AppIcon;
				ASSETCATALOG_COMPILER_LAUNCHIMAGE_NAME = LaunchImage;
				GCC_PRECOMPILE_PREFIX_HEADER = YES;
				GCC_PREFIX_HEADER = "greenhouse-ios/greenhouse-ios-Prefix.pch";
				INFOPLIST_FILE = "greenhouse-ios/greenhouse-ios-Info.plist";
				PRODUCT_NAME = "$(TARGET_NAME)";
				WRAPPER_EXTENSION = app;
			};
			name = Release;
		};
		7791B71E18BF8B2E00EA3020 /* Debug */ = {
			isa = XCBuildConfiguration;
			buildSettings = {
				ARCHS = "$(ARCHS_STANDARD_INCLUDING_64_BIT)";
				BUNDLE_LOADER = "$(BUILT_PRODUCTS_DIR)/greenhouse-ios.app/greenhouse-ios";
				FRAMEWORK_SEARCH_PATHS = (
					"$(SDKROOT)/Developer/Library/Frameworks",
					"$(inherited)",
					"$(DEVELOPER_FRAMEWORKS_DIR)",
				);
				GCC_PRECOMPILE_PREFIX_HEADER = YES;
				GCC_PREFIX_HEADER = "greenhouse-ios/greenhouse-ios-Prefix.pch";
				GCC_PREPROCESSOR_DEFINITIONS = (
					"DEBUG=1",
					"$(inherited)",
				);
				INFOPLIST_FILE = "greenhouse-iosTests/greenhouse-iosTests-Info.plist";
				PRODUCT_NAME = "$(TARGET_NAME)";
				TEST_HOST = "$(BUNDLE_LOADER)";
				WRAPPER_EXTENSION = xctest;
			};
			name = Debug;
		};
		7791B71F18BF8B2E00EA3020 /* Release */ = {
			isa = XCBuildConfiguration;
			buildSettings = {
				ARCHS = "$(ARCHS_STANDARD_INCLUDING_64_BIT)";
				BUNDLE_LOADER = "$(BUILT_PRODUCTS_DIR)/greenhouse-ios.app/greenhouse-ios";
				FRAMEWORK_SEARCH_PATHS = (
					"$(SDKROOT)/Developer/Library/Frameworks",
					"$(inherited)",
					"$(DEVELOPER_FRAMEWORKS_DIR)",
				);
				GCC_PRECOMPILE_PREFIX_HEADER = YES;
				GCC_PREFIX_HEADER = "greenhouse-ios/greenhouse-ios-Prefix.pch";
				INFOPLIST_FILE = "greenhouse-iosTests/greenhouse-iosTests-Info.plist";
				PRODUCT_NAME = "$(TARGET_NAME)";
				TEST_HOST = "$(BUNDLE_LOADER)";
				WRAPPER_EXTENSION = xctest;
			};
			name = Release;
		};
/* End XCBuildConfiguration section */

/* Begin XCConfigurationList section */
		7724898419DE996C0058E934 /* Build configuration list for PBXNativeTarget "GHActionExtension" */ = {
			isa = XCConfigurationList;
			buildConfigurations = (
				7724898219DE996C0058E934 /* Debug */,
				7724898319DE996C0058E934 /* Release */,
			);
			defaultConfigurationIsVisible = 0;
		};
		7791B6E018BF8B2D00EA3020 /* Build configuration list for PBXProject "greenhouse-ios" */ = {
			isa = XCConfigurationList;
			buildConfigurations = (
				7791B71818BF8B2E00EA3020 /* Debug */,
				7791B71918BF8B2E00EA3020 /* Release */,
			);
			defaultConfigurationIsVisible = 0;
			defaultConfigurationName = Release;
		};
		7791B71A18BF8B2E00EA3020 /* Build configuration list for PBXNativeTarget "greenhouse-ios" */ = {
			isa = XCConfigurationList;
			buildConfigurations = (
				7791B71B18BF8B2E00EA3020 /* Debug */,
				7791B71C18BF8B2E00EA3020 /* Release */,
			);
			defaultConfigurationIsVisible = 0;
			defaultConfigurationName = Release;
		};
		7791B71D18BF8B2E00EA3020 /* Build configuration list for PBXNativeTarget "greenhouse-iosTests" */ = {
			isa = XCConfigurationList;
			buildConfigurations = (
				7791B71E18BF8B2E00EA3020 /* Debug */,
				7791B71F18BF8B2E00EA3020 /* Release */,
			);
			defaultConfigurationIsVisible = 0;
			defaultConfigurationName = Release;
		};
/* End XCConfigurationList section */
	};
	rootObject = 7791B6DD18BF8B2D00EA3020 /* Project object */;
}
