<?xml version="1.0" encoding="UTF-8"?>
<!DOCTYPE plist PUBLIC "-//Apple//DTD PLIST 1.0//EN" "http://www.apple.com/DTDs/PropertyList-1.0.dtd">
<plist version="1.0">
<dict>
	<key>archiveVersion</key>
	<string>1</string>
	<key>classes</key>
	<dict/>
	<key>objectVersion</key>
	<string>46</string>
	<key>objects</key>
	<dict>
		<key>60D77081B22D4183B5ECC8F1</key>
		<dict>
			<key>buildActionMask</key>
			<string>2147483647</string>
			<key>files</key>
			<array/>
			<key>inputPaths</key>
			<array/>
			<key>isa</key>
			<string>PBXShellScriptBuildPhase</string>
			<key>name</key>
			<string>Copy Pods Resources</string>
			<key>outputPaths</key>
			<array/>
			<key>runOnlyForDeploymentPostprocessing</key>
			<string>0</string>
			<key>shellPath</key>
			<string>/bin/sh</string>
			<key>shellScript</key>
			<string>"${SRCROOT}/Pods/Pods-resources.sh"
</string>
			<key>showEnvVarsInLog</key>
			<string>0</string>
		</dict>
		<key>776BEEB8192A00C900FB13E6</key>
		<dict>
			<key>fileEncoding</key>
			<string>4</string>
			<key>isa</key>
			<string>PBXFileReference</string>
			<key>lastKnownFileType</key>
			<string>sourcecode.c.objc</string>
			<key>path</key>
			<string>greenhouse_otherTests.m</string>
			<key>sourceTree</key>
			<string>&lt;group&gt;</string>
		</dict>
		<key>776BEEB9192A00C900FB13E6</key>
		<dict>
			<key>fileRef</key>
			<string>776BEEB8192A00C900FB13E6</string>
			<key>isa</key>
			<string>PBXBuildFile</string>
		</dict>
		<key>776BEEBC192A01DD00FB13E6</key>
		<dict>
			<key>fileEncoding</key>
			<string>4</string>
			<key>isa</key>
			<string>PBXFileReference</string>
			<key>lastKnownFileType</key>
			<string>sourcecode.c.objc</string>
			<key>path</key>
			<string>greenhouse_moreTests.m</string>
			<key>sourceTree</key>
			<string>&lt;group&gt;</string>
		</dict>
		<key>776BEEBD192A01DD00FB13E6</key>
		<dict>
			<key>fileRef</key>
			<string>776BEEBC192A01DD00FB13E6</string>
			<key>isa</key>
			<string>PBXBuildFile</string>
		</dict>
		<key>7791B6DC18BF8B2D00EA3020</key>
		<dict>
			<key>children</key>
			<array>
				<string>7791B6EE18BF8B2E00EA3020</string>
				<string>7791B71018BF8B2E00EA3020</string>
				<string>77CBB51A1952CF82007B2090</string>
				<string>77CBB53E1952CF83007B2090</string>
				<string>7791B6E718BF8B2E00EA3020</string>
				<string>7791B6E618BF8B2E00EA3020</string>
				<string>EE2527F3590147BFB74BD529</string>
			</array>
			<key>isa</key>
			<string>PBXGroup</string>
			<key>sourceTree</key>
			<string>&lt;group&gt;</string>
		</dict>
		<key>7791B6DD18BF8B2D00EA3020</key>
		<dict>
			<key>attributes</key>
			<dict>
				<key>LastUpgradeCheck</key>
				<string>0500</string>
				<key>ORGANIZATIONNAME</key>
				<string>greenhouse</string>
				<key>TargetAttributes</key>
				<dict>
					<key>7791B70818BF8B2E00EA3020</key>
					<dict>
						<key>TestTargetID</key>
						<string>7791B6E418BF8B2D00EA3020</string>
					</dict>
					<key>77CBB5371952CF83007B2090</key>
					<dict>
						<key>TestTargetID</key>
						<string>7791B6E418BF8B2D00EA3020</string>
					</dict>
				</dict>
			</dict>
			<key>buildConfigurationList</key>
			<string>7791B6E018BF8B2D00EA3020</string>
			<key>compatibilityVersion</key>
			<string>Xcode 3.2</string>
			<key>developmentRegion</key>
			<string>English</string>
			<key>hasScannedForEncodings</key>
			<string>0</string>
			<key>isa</key>
			<string>PBXProject</string>
			<key>knownRegions</key>
			<array>
				<string>en</string>
				<string>Base</string>
			</array>
			<key>mainGroup</key>
			<string>7791B6DC18BF8B2D00EA3020</string>
			<key>productRefGroup</key>
			<string>7791B6E618BF8B2E00EA3020</string>
			<key>projectDirPath</key>
			<string></string>
			<key>projectReferences</key>
			<array/>
			<key>projectRoot</key>
			<string></string>
			<key>targets</key>
			<array>
				<string>7791B6E418BF8B2D00EA3020</string>
				<string>7791B70818BF8B2E00EA3020</string>
				<string>77CBB5151952CF82007B2090</string>
				<string>77CBB5371952CF83007B2090</string>
			</array>
		</dict>
		<key>7791B6E018BF8B2D00EA3020</key>
		<dict>
			<key>buildConfigurations</key>
			<array>
				<string>7791B71818BF8B2E00EA3020</string>
				<string>7791B71918BF8B2E00EA3020</string>
			</array>
			<key>defaultConfigurationIsVisible</key>
			<string>0</string>
			<key>defaultConfigurationName</key>
			<string>Release</string>
			<key>isa</key>
			<string>XCConfigurationList</string>
		</dict>
		<key>7791B6E118BF8B2D00EA3020</key>
		<dict>
			<key>buildActionMask</key>
			<string>2147483647</string>
			<key>files</key>
			<array>
				<string>7791B70218BF8B2E00EA3020</string>
				<string>7791B6F918BF8B2E00EA3020</string>
				<string>7791B6F518BF8B2E00EA3020</string>
			</array>
			<key>isa</key>
			<string>PBXSourcesBuildPhase</string>
			<key>runOnlyForDeploymentPostprocessing</key>
			<string>0</string>
		</dict>
		<key>7791B6E218BF8B2D00EA3020</key>
		<dict>
			<key>buildActionMask</key>
			<string>2147483647</string>
			<key>files</key>
			<array>
				<string>7791B6EB18BF8B2E00EA3020</string>
				<string>7791B6ED18BF8B2E00EA3020</string>
				<string>7791B6E918BF8B2E00EA3020</string>
				<string>FB8F078853B64B44810A16A9</string>
			</array>
			<key>isa</key>
			<string>PBXFrameworksBuildPhase</string>
			<key>runOnlyForDeploymentPostprocessing</key>
			<string>0</string>
		</dict>
		<key>7791B6E318BF8B2D00EA3020</key>
		<dict>
			<key>buildActionMask</key>
			<string>2147483647</string>
			<key>files</key>
			<array>
				<string>7791B6FF18BF8B2E00EA3020</string>
				<string>7791B70418BF8B2E00EA3020</string>
				<string>7791B6FC18BF8B2E00EA3020</string>
				<string>7791B6F318BF8B2E00EA3020</string>
			</array>
			<key>isa</key>
			<string>PBXResourcesBuildPhase</string>
			<key>runOnlyForDeploymentPostprocessing</key>
			<string>0</string>
		</dict>
		<key>7791B6E418BF8B2D00EA3020</key>
		<dict>
			<key>buildConfigurationList</key>
			<string>7791B71A18BF8B2E00EA3020</string>
			<key>buildPhases</key>
			<array>
				<string>A0F1106BE73948D9980194C0</string>
				<string>7791B6E118BF8B2D00EA3020</string>
				<string>7791B6E218BF8B2D00EA3020</string>
				<string>7791B6E318BF8B2D00EA3020</string>
				<string>60D77081B22D4183B5ECC8F1</string>
			</array>
			<key>buildRules</key>
			<array/>
			<key>dependencies</key>
			<array/>
			<key>isa</key>
			<string>PBXNativeTarget</string>
			<key>name</key>
			<string>greenhouse-ios</string>
			<key>productName</key>
			<string>greenhouse-ios</string>
			<key>productReference</key>
			<string>7791B6E518BF8B2E00EA3020</string>
			<key>productType</key>
			<string>com.apple.product-type.application</string>
		</dict>
		<key>7791B6E518BF8B2E00EA3020</key>
		<dict>
			<key>explicitFileType</key>
			<string>wrapper.application</string>
			<key>includeInIndex</key>
			<string>0</string>
			<key>isa</key>
			<string>PBXFileReference</string>
			<key>path</key>
			<string>greenhouse-ios.app</string>
			<key>sourceTree</key>
			<string>BUILT_PRODUCTS_DIR</string>
		</dict>
		<key>7791B6E618BF8B2E00EA3020</key>
		<dict>
			<key>children</key>
			<array>
				<string>7791B6E518BF8B2E00EA3020</string>
				<string>7791B70918BF8B2E00EA3020</string>
				<string>77CBB5161952CF82007B2090</string>
				<string>77CBB5381952CF83007B2090</string>
			</array>
			<key>isa</key>
			<string>PBXGroup</string>
			<key>name</key>
			<string>Products</string>
			<key>sourceTree</key>
			<string>&lt;group&gt;</string>
		</dict>
		<key>7791B6E718BF8B2E00EA3020</key>
		<dict>
			<key>children</key>
			<array>
				<string>7791B6E818BF8B2E00EA3020</string>
				<string>7791B6EA18BF8B2E00EA3020</string>
				<string>7791B6EC18BF8B2E00EA3020</string>
				<string>7791B70A18BF8B2E00EA3020</string>
				<string>DF8A7CD592F44ACE85725769</string>
			</array>
			<key>isa</key>
			<string>PBXGroup</string>
			<key>name</key>
			<string>Frameworks</string>
			<key>sourceTree</key>
			<string>&lt;group&gt;</string>
		</dict>
		<key>7791B6E818BF8B2E00EA3020</key>
		<dict>
			<key>isa</key>
			<string>PBXFileReference</string>
			<key>lastKnownFileType</key>
			<string>wrapper.framework</string>
			<key>name</key>
			<string>Foundation.framework</string>
			<key>path</key>
			<string>System/Library/Frameworks/Foundation.framework</string>
			<key>sourceTree</key>
			<string>SDKROOT</string>
		</dict>
		<key>7791B6E918BF8B2E00EA3020</key>
		<dict>
			<key>fileRef</key>
			<string>7791B6E818BF8B2E00EA3020</string>
			<key>isa</key>
			<string>PBXBuildFile</string>
		</dict>
		<key>7791B6EA18BF8B2E00EA3020</key>
		<dict>
			<key>isa</key>
			<string>PBXFileReference</string>
			<key>lastKnownFileType</key>
			<string>wrapper.framework</string>
			<key>name</key>
			<string>CoreGraphics.framework</string>
			<key>path</key>
			<string>System/Library/Frameworks/CoreGraphics.framework</string>
			<key>sourceTree</key>
			<string>SDKROOT</string>
		</dict>
		<key>7791B6EB18BF8B2E00EA3020</key>
		<dict>
			<key>fileRef</key>
			<string>7791B6EA18BF8B2E00EA3020</string>
			<key>isa</key>
			<string>PBXBuildFile</string>
		</dict>
		<key>7791B6EC18BF8B2E00EA3020</key>
		<dict>
			<key>isa</key>
			<string>PBXFileReference</string>
			<key>lastKnownFileType</key>
			<string>wrapper.framework</string>
			<key>name</key>
			<string>UIKit.framework</string>
			<key>path</key>
			<string>System/Library/Frameworks/UIKit.framework</string>
			<key>sourceTree</key>
			<string>SDKROOT</string>
		</dict>
		<key>7791B6ED18BF8B2E00EA3020</key>
		<dict>
			<key>fileRef</key>
			<string>7791B6EC18BF8B2E00EA3020</string>
			<key>isa</key>
			<string>PBXBuildFile</string>
		</dict>
		<key>7791B6EE18BF8B2E00EA3020</key>
		<dict>
			<key>children</key>
			<array>
				<string>7791B6F718BF8B2E00EA3020</string>
				<string>7791B6F818BF8B2E00EA3020</string>
				<string>7791B6FA18BF8B2E00EA3020</string>
				<string>7791B6FD18BF8B2E00EA3020</string>
				<string>7791B70018BF8B2E00EA3020</string>
				<string>7791B70118BF8B2E00EA3020</string>
				<string>7791B70318BF8B2E00EA3020</string>
				<string>7791B6EF18BF8B2E00EA3020</string>
			</array>
			<key>isa</key>
			<string>PBXGroup</string>
			<key>path</key>
			<string>greenhouse-ios</string>
			<key>sourceTree</key>
			<string>&lt;group&gt;</string>
		</dict>
		<key>7791B6EF18BF8B2E00EA3020</key>
		<dict>
			<key>children</key>
			<array>
				<string>7791B6F018BF8B2E00EA3020</string>
				<string>7791B6F118BF8B2E00EA3020</string>
				<string>7791B6F418BF8B2E00EA3020</string>
				<string>7791B6F618BF8B2E00EA3020</string>
			</array>
			<key>isa</key>
			<string>PBXGroup</string>
			<key>name</key>
			<string>Supporting Files</string>
			<key>sourceTree</key>
			<string>&lt;group&gt;</string>
		</dict>
		<key>7791B6F018BF8B2E00EA3020</key>
		<dict>
			<key>isa</key>
			<string>PBXFileReference</string>
			<key>lastKnownFileType</key>
			<string>text.plist.xml</string>
			<key>path</key>
			<string>greenhouse-ios-Info.plist</string>
			<key>sourceTree</key>
			<string>&lt;group&gt;</string>
		</dict>
		<key>7791B6F118BF8B2E00EA3020</key>
		<dict>
			<key>children</key>
			<array>
				<string>7791B6F218BF8B2E00EA3020</string>
			</array>
			<key>isa</key>
			<string>PBXVariantGroup</string>
			<key>name</key>
			<string>InfoPlist.strings</string>
			<key>sourceTree</key>
			<string>&lt;group&gt;</string>
		</dict>
		<key>7791B6F218BF8B2E00EA3020</key>
		<dict>
			<key>isa</key>
			<string>PBXFileReference</string>
			<key>lastKnownFileType</key>
			<string>text.plist.strings</string>
			<key>name</key>
			<string>en</string>
			<key>path</key>
			<string>en.lproj/InfoPlist.strings</string>
			<key>sourceTree</key>
			<string>&lt;group&gt;</string>
		</dict>
		<key>7791B6F318BF8B2E00EA3020</key>
		<dict>
			<key>fileRef</key>
			<string>7791B6F118BF8B2E00EA3020</string>
			<key>isa</key>
			<string>PBXBuildFile</string>
		</dict>
		<key>7791B6F418BF8B2E00EA3020</key>
		<dict>
			<key>isa</key>
			<string>PBXFileReference</string>
			<key>lastKnownFileType</key>
			<string>sourcecode.c.objc</string>
			<key>path</key>
			<string>main.m</string>
			<key>sourceTree</key>
			<string>&lt;group&gt;</string>
		</dict>
		<key>7791B6F518BF8B2E00EA3020</key>
		<dict>
			<key>fileRef</key>
			<string>7791B6F418BF8B2E00EA3020</string>
			<key>isa</key>
			<string>PBXBuildFile</string>
		</dict>
		<key>7791B6F618BF8B2E00EA3020</key>
		<dict>
			<key>isa</key>
			<string>PBXFileReference</string>
			<key>lastKnownFileType</key>
			<string>sourcecode.c.h</string>
			<key>path</key>
			<string>greenhouse-ios-Prefix.pch</string>
			<key>sourceTree</key>
			<string>&lt;group&gt;</string>
		</dict>
		<key>7791B6F718BF8B2E00EA3020</key>
		<dict>
			<key>isa</key>
			<string>PBXFileReference</string>
			<key>lastKnownFileType</key>
			<string>sourcecode.c.h</string>
			<key>path</key>
			<string>AppDelegate.h</string>
			<key>sourceTree</key>
			<string>&lt;group&gt;</string>
		</dict>
		<key>7791B6F818BF8B2E00EA3020</key>
		<dict>
			<key>isa</key>
			<string>PBXFileReference</string>
			<key>lastKnownFileType</key>
			<string>sourcecode.c.objc</string>
			<key>path</key>
			<string>AppDelegate.m</string>
			<key>sourceTree</key>
			<string>&lt;group&gt;</string>
		</dict>
		<key>7791B6F918BF8B2E00EA3020</key>
		<dict>
			<key>fileRef</key>
			<string>7791B6F818BF8B2E00EA3020</string>
			<key>isa</key>
			<string>PBXBuildFile</string>
		</dict>
		<key>7791B6FA18BF8B2E00EA3020</key>
		<dict>
			<key>children</key>
			<array>
				<string>7791B6FB18BF8B2E00EA3020</string>
			</array>
			<key>isa</key>
			<string>PBXVariantGroup</string>
			<key>name</key>
			<string>Main_iPhone.storyboard</string>
			<key>sourceTree</key>
			<string>&lt;group&gt;</string>
		</dict>
		<key>7791B6FB18BF8B2E00EA3020</key>
		<dict>
			<key>isa</key>
			<string>PBXFileReference</string>
			<key>lastKnownFileType</key>
			<string>file.storyboard</string>
			<key>name</key>
			<string>Base</string>
			<key>path</key>
			<string>Base.lproj/Main_iPhone.storyboard</string>
			<key>sourceTree</key>
			<string>&lt;group&gt;</string>
		</dict>
		<key>7791B6FC18BF8B2E00EA3020</key>
		<dict>
			<key>fileRef</key>
			<string>7791B6FA18BF8B2E00EA3020</string>
			<key>isa</key>
			<string>PBXBuildFile</string>
		</dict>
		<key>7791B6FD18BF8B2E00EA3020</key>
		<dict>
			<key>children</key>
			<array>
				<string>7791B6FE18BF8B2E00EA3020</string>
			</array>
			<key>isa</key>
			<string>PBXVariantGroup</string>
			<key>name</key>
			<string>Main_iPad.storyboard</string>
			<key>sourceTree</key>
			<string>&lt;group&gt;</string>
		</dict>
		<key>7791B6FE18BF8B2E00EA3020</key>
		<dict>
			<key>isa</key>
			<string>PBXFileReference</string>
			<key>lastKnownFileType</key>
			<string>file.storyboard</string>
			<key>name</key>
			<string>Base</string>
			<key>path</key>
			<string>Base.lproj/Main_iPad.storyboard</string>
			<key>sourceTree</key>
			<string>&lt;group&gt;</string>
		</dict>
		<key>7791B6FF18BF8B2E00EA3020</key>
		<dict>
			<key>fileRef</key>
			<string>7791B6FD18BF8B2E00EA3020</string>
			<key>isa</key>
			<string>PBXBuildFile</string>
		</dict>
		<key>7791B70018BF8B2E00EA3020</key>
		<dict>
			<key>isa</key>
			<string>PBXFileReference</string>
			<key>lastKnownFileType</key>
			<string>sourcecode.c.h</string>
			<key>path</key>
			<string>ViewController.h</string>
			<key>sourceTree</key>
			<string>&lt;group&gt;</string>
		</dict>
		<key>7791B70118BF8B2E00EA3020</key>
		<dict>
			<key>isa</key>
			<string>PBXFileReference</string>
			<key>lastKnownFileType</key>
			<string>sourcecode.c.objc</string>
			<key>path</key>
			<string>ViewController.m</string>
			<key>sourceTree</key>
			<string>&lt;group&gt;</string>
		</dict>
		<key>7791B70218BF8B2E00EA3020</key>
		<dict>
			<key>fileRef</key>
			<string>7791B70118BF8B2E00EA3020</string>
			<key>isa</key>
			<string>PBXBuildFile</string>
		</dict>
		<key>7791B70318BF8B2E00EA3020</key>
		<dict>
			<key>isa</key>
			<string>PBXFileReference</string>
			<key>lastKnownFileType</key>
			<string>folder.assetcatalog</string>
			<key>path</key>
			<string>Images.xcassets</string>
			<key>sourceTree</key>
			<string>&lt;group&gt;</string>
		</dict>
		<key>7791B70418BF8B2E00EA3020</key>
		<dict>
			<key>fileRef</key>
			<string>7791B70318BF8B2E00EA3020</string>
			<key>isa</key>
			<string>PBXBuildFile</string>
		</dict>
		<key>7791B70518BF8B2E00EA3020</key>
		<dict>
			<key>buildActionMask</key>
			<string>2147483647</string>
			<key>files</key>
			<array>
				<string>776BEEBD192A01DD00FB13E6</string>
				<string>7791B71718BF8B2E00EA3020</string>
				<string>776BEEB9192A00C900FB13E6</string>
			</array>
			<key>isa</key>
			<string>PBXSourcesBuildPhase</string>
			<key>runOnlyForDeploymentPostprocessing</key>
			<string>0</string>
		</dict>
		<key>7791B70618BF8B2E00EA3020</key>
		<dict>
			<key>buildActionMask</key>
			<string>2147483647</string>
			<key>files</key>
			<array>
				<string>7791B70B18BF8B2E00EA3020</string>
				<string>7791B70D18BF8B2E00EA3020</string>
				<string>7791B70C18BF8B2E00EA3020</string>
			</array>
			<key>isa</key>
			<string>PBXFrameworksBuildPhase</string>
			<key>runOnlyForDeploymentPostprocessing</key>
			<string>0</string>
		</dict>
		<key>7791B70718BF8B2E00EA3020</key>
		<dict>
			<key>buildActionMask</key>
			<string>2147483647</string>
			<key>files</key>
			<array>
				<string>7791B71518BF8B2E00EA3020</string>
			</array>
			<key>isa</key>
			<string>PBXResourcesBuildPhase</string>
			<key>runOnlyForDeploymentPostprocessing</key>
			<string>0</string>
		</dict>
		<key>7791B70818BF8B2E00EA3020</key>
		<dict>
			<key>buildConfigurationList</key>
			<string>7791B71D18BF8B2E00EA3020</string>
			<key>buildPhases</key>
			<array>
				<string>7791B70518BF8B2E00EA3020</string>
				<string>7791B70618BF8B2E00EA3020</string>
				<string>7791B70718BF8B2E00EA3020</string>
			</array>
			<key>buildRules</key>
			<array/>
			<key>dependencies</key>
			<array>
				<string>7791B70F18BF8B2E00EA3020</string>
			</array>
			<key>isa</key>
			<string>PBXNativeTarget</string>
			<key>name</key>
			<string>greenhouse-iosTests</string>
			<key>productName</key>
			<string>greenhouse-iosTests</string>
			<key>productReference</key>
			<string>7791B70918BF8B2E00EA3020</string>
			<key>productType</key>
			<string>com.apple.product-type.bundle.unit-test</string>
		</dict>
		<key>7791B70918BF8B2E00EA3020</key>
		<dict>
			<key>explicitFileType</key>
			<string>wrapper.cfbundle</string>
			<key>includeInIndex</key>
			<string>0</string>
			<key>isa</key>
			<string>PBXFileReference</string>
			<key>path</key>
			<string>greenhouse-iosTests.xctest</string>
			<key>sourceTree</key>
			<string>BUILT_PRODUCTS_DIR</string>
		</dict>
		<key>7791B70A18BF8B2E00EA3020</key>
		<dict>
			<key>isa</key>
			<string>PBXFileReference</string>
			<key>lastKnownFileType</key>
			<string>wrapper.framework</string>
			<key>name</key>
			<string>XCTest.framework</string>
			<key>path</key>
			<string>Library/Frameworks/XCTest.framework</string>
			<key>sourceTree</key>
			<string>DEVELOPER_DIR</string>
		</dict>
		<key>7791B70B18BF8B2E00EA3020</key>
		<dict>
			<key>fileRef</key>
			<string>7791B70A18BF8B2E00EA3020</string>
			<key>isa</key>
			<string>PBXBuildFile</string>
		</dict>
		<key>7791B70C18BF8B2E00EA3020</key>
		<dict>
			<key>fileRef</key>
			<string>7791B6E818BF8B2E00EA3020</string>
			<key>isa</key>
			<string>PBXBuildFile</string>
		</dict>
		<key>7791B70D18BF8B2E00EA3020</key>
		<dict>
			<key>fileRef</key>
			<string>7791B6EC18BF8B2E00EA3020</string>
			<key>isa</key>
			<string>PBXBuildFile</string>
		</dict>
		<key>7791B70E18BF8B2E00EA3020</key>
		<dict>
			<key>containerPortal</key>
			<string>7791B6DD18BF8B2D00EA3020</string>
			<key>isa</key>
			<string>PBXContainerItemProxy</string>
			<key>proxyType</key>
			<string>1</string>
			<key>remoteGlobalIDString</key>
			<string>7791B6E418BF8B2D00EA3020</string>
			<key>remoteInfo</key>
			<string>greenhouse-ios</string>
		</dict>
		<key>7791B70F18BF8B2E00EA3020</key>
		<dict>
			<key>isa</key>
			<string>PBXTargetDependency</string>
			<key>target</key>
			<string>7791B6E418BF8B2D00EA3020</string>
			<key>targetProxy</key>
			<string>7791B70E18BF8B2E00EA3020</string>
		</dict>
		<key>7791B71018BF8B2E00EA3020</key>
		<dict>
			<key>children</key>
			<array>
				<string>7791B71618BF8B2E00EA3020</string>
				<string>7791B71118BF8B2E00EA3020</string>
				<string>776BEEB8192A00C900FB13E6</string>
				<string>776BEEBC192A01DD00FB13E6</string>
			</array>
			<key>isa</key>
			<string>PBXGroup</string>
			<key>path</key>
			<string>greenhouse-iosTests</string>
			<key>sourceTree</key>
			<string>&lt;group&gt;</string>
		</dict>
		<key>7791B71118BF8B2E00EA3020</key>
		<dict>
			<key>children</key>
			<array>
				<string>7791B71218BF8B2E00EA3020</string>
				<string>7791B71318BF8B2E00EA3020</string>
			</array>
			<key>isa</key>
			<string>PBXGroup</string>
			<key>name</key>
			<string>Supporting Files</string>
			<key>sourceTree</key>
			<string>&lt;group&gt;</string>
		</dict>
		<key>7791B71218BF8B2E00EA3020</key>
		<dict>
			<key>isa</key>
			<string>PBXFileReference</string>
			<key>lastKnownFileType</key>
			<string>text.plist.xml</string>
			<key>path</key>
			<string>greenhouse-iosTests-Info.plist</string>
			<key>sourceTree</key>
			<string>&lt;group&gt;</string>
		</dict>
		<key>7791B71318BF8B2E00EA3020</key>
		<dict>
			<key>children</key>
			<array>
				<string>7791B71418BF8B2E00EA3020</string>
			</array>
			<key>isa</key>
			<string>PBXVariantGroup</string>
			<key>name</key>
			<string>InfoPlist.strings</string>
			<key>sourceTree</key>
			<string>&lt;group&gt;</string>
		</dict>
		<key>7791B71418BF8B2E00EA3020</key>
		<dict>
			<key>isa</key>
			<string>PBXFileReference</string>
			<key>lastKnownFileType</key>
			<string>text.plist.strings</string>
			<key>name</key>
			<string>en</string>
			<key>path</key>
			<string>en.lproj/InfoPlist.strings</string>
			<key>sourceTree</key>
			<string>&lt;group&gt;</string>
		</dict>
		<key>7791B71518BF8B2E00EA3020</key>
		<dict>
			<key>fileRef</key>
			<string>7791B71318BF8B2E00EA3020</string>
			<key>isa</key>
			<string>PBXBuildFile</string>
		</dict>
		<key>7791B71618BF8B2E00EA3020</key>
		<dict>
			<key>isa</key>
			<string>PBXFileReference</string>
			<key>lastKnownFileType</key>
			<string>sourcecode.c.objc</string>
			<key>path</key>
			<string>greenhouse_iosTests.m</string>
			<key>sourceTree</key>
			<string>&lt;group&gt;</string>
		</dict>
		<key>7791B71718BF8B2E00EA3020</key>
		<dict>
			<key>fileRef</key>
			<string>7791B71618BF8B2E00EA3020</string>
			<key>isa</key>
			<string>PBXBuildFile</string>
		</dict>
		<key>7791B71818BF8B2E00EA3020</key>
		<dict>
			<key>buildSettings</key>
			<dict>
				<key>ALWAYS_SEARCH_USER_PATHS</key>
				<string>NO</string>
				<key>ARCHS</key>
				<string>$(ARCHS_STANDARD_INCLUDING_64_BIT)</string>
				<key>CLANG_CXX_LANGUAGE_STANDARD</key>
				<string>gnu++0x</string>
				<key>CLANG_CXX_LIBRARY</key>
				<string>libc++</string>
				<key>CLANG_ENABLE_MODULES</key>
				<string>YES</string>
				<key>CLANG_ENABLE_OBJC_ARC</key>
				<string>YES</string>
				<key>CLANG_WARN_BOOL_CONVERSION</key>
				<string>YES</string>
				<key>CLANG_WARN_CONSTANT_CONVERSION</key>
				<string>YES</string>
				<key>CLANG_WARN_DIRECT_OBJC_ISA_USAGE</key>
				<string>YES_ERROR</string>
				<key>CLANG_WARN_EMPTY_BODY</key>
				<string>YES</string>
				<key>CLANG_WARN_ENUM_CONVERSION</key>
				<string>YES</string>
				<key>CLANG_WARN_INT_CONVERSION</key>
				<string>YES</string>
				<key>CLANG_WARN_OBJC_ROOT_CLASS</key>
				<string>YES_ERROR</string>
				<key>CLANG_WARN__DUPLICATE_METHOD_MATCH</key>
				<string>YES</string>
				<key>CODE_SIGN_IDENTITY[sdk=iphoneos*]</key>
				<string>iPhone Developer</string>
				<key>COPY_PHASE_STRIP</key>
				<string>NO</string>
				<key>GCC_C_LANGUAGE_STANDARD</key>
				<string>gnu99</string>
				<key>GCC_DYNAMIC_NO_PIC</key>
				<string>NO</string>
				<key>GCC_OPTIMIZATION_LEVEL</key>
				<string>0</string>
				<key>GCC_PREPROCESSOR_DEFINITIONS</key>
				<array>
					<string>DEBUG=1</string>
					<string>$(inherited)</string>
				</array>
				<key>GCC_SYMBOLS_PRIVATE_EXTERN</key>
				<string>NO</string>
				<key>GCC_WARN_64_TO_32_BIT_CONVERSION</key>
				<string>YES</string>
				<key>GCC_WARN_ABOUT_RETURN_TYPE</key>
				<string>YES_ERROR</string>
				<key>GCC_WARN_UNDECLARED_SELECTOR</key>
				<string>YES</string>
				<key>GCC_WARN_UNINITIALIZED_AUTOS</key>
				<string>YES</string>
				<key>GCC_WARN_UNUSED_FUNCTION</key>
				<string>YES</string>
				<key>GCC_WARN_UNUSED_VARIABLE</key>
				<string>YES</string>
				<key>IPHONEOS_DEPLOYMENT_TARGET</key>
				<string>7.0</string>
				<key>ONLY_ACTIVE_ARCH</key>
				<string>YES</string>
				<key>SDKROOT</key>
				<string>iphoneos</string>
				<key>TARGETED_DEVICE_FAMILY</key>
				<string>1,2</string>
			</dict>
			<key>isa</key>
			<string>XCBuildConfiguration</string>
			<key>name</key>
			<string>Debug</string>
		</dict>
		<key>7791B71918BF8B2E00EA3020</key>
		<dict>
			<key>buildSettings</key>
			<dict>
				<key>ALWAYS_SEARCH_USER_PATHS</key>
				<string>NO</string>
				<key>ARCHS</key>
				<string>$(ARCHS_STANDARD_INCLUDING_64_BIT)</string>
				<key>CLANG_CXX_LANGUAGE_STANDARD</key>
				<string>gnu++0x</string>
				<key>CLANG_CXX_LIBRARY</key>
				<string>libc++</string>
				<key>CLANG_ENABLE_MODULES</key>
				<string>YES</string>
				<key>CLANG_ENABLE_OBJC_ARC</key>
				<string>YES</string>
				<key>CLANG_WARN_BOOL_CONVERSION</key>
				<string>YES</string>
				<key>CLANG_WARN_CONSTANT_CONVERSION</key>
				<string>YES</string>
				<key>CLANG_WARN_DIRECT_OBJC_ISA_USAGE</key>
				<string>YES_ERROR</string>
				<key>CLANG_WARN_EMPTY_BODY</key>
				<string>YES</string>
				<key>CLANG_WARN_ENUM_CONVERSION</key>
				<string>YES</string>
				<key>CLANG_WARN_INT_CONVERSION</key>
				<string>YES</string>
				<key>CLANG_WARN_OBJC_ROOT_CLASS</key>
				<string>YES_ERROR</string>
				<key>CLANG_WARN__DUPLICATE_METHOD_MATCH</key>
				<string>YES</string>
				<key>CODE_SIGN_IDENTITY[sdk=iphoneos*]</key>
				<string>iPhone Developer</string>
				<key>COPY_PHASE_STRIP</key>
				<string>YES</string>
				<key>ENABLE_NS_ASSERTIONS</key>
				<string>NO</string>
				<key>GCC_C_LANGUAGE_STANDARD</key>
				<string>gnu99</string>
				<key>GCC_WARN_64_TO_32_BIT_CONVERSION</key>
				<string>YES</string>
				<key>GCC_WARN_ABOUT_RETURN_TYPE</key>
				<string>YES_ERROR</string>
				<key>GCC_WARN_UNDECLARED_SELECTOR</key>
				<string>YES</string>
				<key>GCC_WARN_UNINITIALIZED_AUTOS</key>
				<string>YES</string>
				<key>GCC_WARN_UNUSED_FUNCTION</key>
				<string>YES</string>
				<key>GCC_WARN_UNUSED_VARIABLE</key>
				<string>YES</string>
				<key>IPHONEOS_DEPLOYMENT_TARGET</key>
				<string>7.0</string>
				<key>SDKROOT</key>
				<string>iphoneos</string>
				<key>TARGETED_DEVICE_FAMILY</key>
				<string>1,2</string>
				<key>VALIDATE_PRODUCT</key>
				<string>YES</string>
			</dict>
			<key>isa</key>
			<string>XCBuildConfiguration</string>
			<key>name</key>
			<string>Release</string>
		</dict>
		<key>7791B71A18BF8B2E00EA3020</key>
		<dict>
			<key>buildConfigurations</key>
			<array>
				<string>7791B71B18BF8B2E00EA3020</string>
				<string>7791B71C18BF8B2E00EA3020</string>
			</array>
			<key>defaultConfigurationIsVisible</key>
			<string>0</string>
			<key>defaultConfigurationName</key>
			<string>Release</string>
			<key>isa</key>
			<string>XCConfigurationList</string>
		</dict>
		<key>7791B71B18BF8B2E00EA3020</key>
		<dict>
			<key>baseConfigurationReference</key>
			<string>EE2527F3590147BFB74BD529</string>
			<key>buildSettings</key>
			<dict>
				<key>ASSETCATALOG_COMPILER_APPICON_NAME</key>
				<string>gh-ios</string>
				<key>ASSETCATALOG_COMPILER_LAUNCHIMAGE_NAME</key>
				<string>LaunchImage</string>
				<key>GCC_PRECOMPILE_PREFIX_HEADER</key>
				<string>YES</string>
				<key>GCC_PREFIX_HEADER</key>
				<string>greenhouse-ios/greenhouse-ios-Prefix.pch</string>
				<key>INFOPLIST_FILE</key>
				<string>greenhouse-ios/greenhouse-ios-Info.plist</string>
				<key>PRODUCT_NAME</key>
				<string>$(TARGET_NAME)</string>
				<key>WRAPPER_EXTENSION</key>
				<string>app</string>
			</dict>
			<key>isa</key>
			<string>XCBuildConfiguration</string>
			<key>name</key>
			<string>Debug</string>
		</dict>
		<key>7791B71C18BF8B2E00EA3020</key>
		<dict>
			<key>baseConfigurationReference</key>
			<string>EE2527F3590147BFB74BD529</string>
			<key>buildSettings</key>
			<dict>
				<key>ASSETCATALOG_COMPILER_APPICON_NAME</key>
				<string>gh-ios</string>
				<key>ASSETCATALOG_COMPILER_LAUNCHIMAGE_NAME</key>
				<string>LaunchImage</string>
				<key>GCC_PRECOMPILE_PREFIX_HEADER</key>
				<string>YES</string>
				<key>GCC_PREFIX_HEADER</key>
				<string>greenhouse-ios/greenhouse-ios-Prefix.pch</string>
				<key>INFOPLIST_FILE</key>
				<string>greenhouse-ios/greenhouse-ios-Info.plist</string>
				<key>PRODUCT_NAME</key>
				<string>$(TARGET_NAME)</string>
				<key>WRAPPER_EXTENSION</key>
				<string>app</string>
			</dict>
			<key>isa</key>
			<string>XCBuildConfiguration</string>
			<key>name</key>
			<string>Release</string>
		</dict>
		<key>7791B71D18BF8B2E00EA3020</key>
		<dict>
			<key>buildConfigurations</key>
			<array>
				<string>7791B71E18BF8B2E00EA3020</string>
				<string>7791B71F18BF8B2E00EA3020</string>
			</array>
			<key>defaultConfigurationIsVisible</key>
			<string>0</string>
			<key>defaultConfigurationName</key>
			<string>Release</string>
			<key>isa</key>
			<string>XCConfigurationList</string>
		</dict>
		<key>7791B71E18BF8B2E00EA3020</key>
		<dict>
			<key>buildSettings</key>
			<dict>
				<key>ARCHS</key>
				<string>$(ARCHS_STANDARD_INCLUDING_64_BIT)</string>
				<key>BUNDLE_LOADER</key>
				<string>$(BUILT_PRODUCTS_DIR)/greenhouse-ios.app/greenhouse-ios</string>
				<key>FRAMEWORK_SEARCH_PATHS</key>
				<array>
					<string>$(SDKROOT)/Developer/Library/Frameworks</string>
					<string>$(inherited)</string>
					<string>$(DEVELOPER_FRAMEWORKS_DIR)</string>
				</array>
				<key>GCC_PRECOMPILE_PREFIX_HEADER</key>
				<string>YES</string>
				<key>GCC_PREFIX_HEADER</key>
				<string>greenhouse-ios/greenhouse-ios-Prefix.pch</string>
				<key>GCC_PREPROCESSOR_DEFINITIONS</key>
				<array>
					<string>DEBUG=1</string>
					<string>$(inherited)</string>
				</array>
				<key>INFOPLIST_FILE</key>
				<string>greenhouse-iosTests/greenhouse-iosTests-Info.plist</string>
				<key>PRODUCT_NAME</key>
				<string>$(TARGET_NAME)</string>
				<key>TEST_HOST</key>
				<string>$(BUNDLE_LOADER)</string>
				<key>WRAPPER_EXTENSION</key>
				<string>xctest</string>
			</dict>
			<key>isa</key>
			<string>XCBuildConfiguration</string>
			<key>name</key>
			<string>Debug</string>
		</dict>
		<key>7791B71F18BF8B2E00EA3020</key>
		<dict>
			<key>buildSettings</key>
			<dict>
				<key>ARCHS</key>
				<string>$(ARCHS_STANDARD_INCLUDING_64_BIT)</string>
				<key>BUNDLE_LOADER</key>
				<string>$(BUILT_PRODUCTS_DIR)/greenhouse-ios.app/greenhouse-ios</string>
				<key>FRAMEWORK_SEARCH_PATHS</key>
				<array>
					<string>$(SDKROOT)/Developer/Library/Frameworks</string>
					<string>$(inherited)</string>
					<string>$(DEVELOPER_FRAMEWORKS_DIR)</string>
				</array>
				<key>GCC_PRECOMPILE_PREFIX_HEADER</key>
				<string>YES</string>
				<key>GCC_PREFIX_HEADER</key>
				<string>greenhouse-ios/greenhouse-ios-Prefix.pch</string>
				<key>INFOPLIST_FILE</key>
				<string>greenhouse-iosTests/greenhouse-iosTests-Info.plist</string>
				<key>PRODUCT_NAME</key>
				<string>$(TARGET_NAME)</string>
				<key>TEST_HOST</key>
				<string>$(BUNDLE_LOADER)</string>
				<key>WRAPPER_EXTENSION</key>
				<string>xctest</string>
			</dict>
			<key>isa</key>
			<string>XCBuildConfiguration</string>
			<key>name</key>
			<string>Release</string>
		</dict>
		<key>77CBB5121952CF82007B2090</key>
		<dict>
			<key>buildActionMask</key>
			<string>2147483647</string>
			<key>files</key>
			<array>
				<string>77CBB52E1952CF82007B2090</string>
				<string>77CBB5311952CF82007B2090</string>
				<string>77CBB5251952CF82007B2090</string>
				<string>77CBB5211952CF82007B2090</string>
			</array>
			<key>isa</key>
			<string>PBXSourcesBuildPhase</string>
			<key>runOnlyForDeploymentPostprocessing</key>
			<string>0</string>
		</dict>
		<key>77CBB5131952CF82007B2090</key>
		<dict>
			<key>buildActionMask</key>
			<string>2147483647</string>
			<key>files</key>
			<array>
				<string>77CBB5181952CF82007B2090</string>
				<string>77CBB5191952CF82007B2090</string>
				<string>77CBB5171952CF82007B2090</string>
			</array>
			<key>isa</key>
			<string>PBXFrameworksBuildPhase</string>
			<key>runOnlyForDeploymentPostprocessing</key>
			<string>0</string>
		</dict>
		<key>77CBB5141952CF82007B2090</key>
		<dict>
			<key>buildActionMask</key>
			<string>2147483647</string>
			<key>files</key>
			<array>
				<string>77CBB52B1952CF82007B2090</string>
				<string>77CBB5331952CF83007B2090</string>
				<string>77CBB5281952CF82007B2090</string>
				<string>77CBB51F1952CF82007B2090</string>
			</array>
			<key>isa</key>
			<string>PBXResourcesBuildPhase</string>
			<key>runOnlyForDeploymentPostprocessing</key>
			<string>0</string>
		</dict>
		<key>77CBB5151952CF82007B2090</key>
		<dict>
			<key>buildConfigurationList</key>
			<string>77CBB54A1952CF83007B2090</string>
			<key>buildPhases</key>
			<array>
				<string>77CBB5121952CF82007B2090</string>
				<string>77CBB5131952CF82007B2090</string>
				<string>77CBB5141952CF82007B2090</string>
			</array>
			<key>buildRules</key>
			<array/>
			<key>dependencies</key>
			<array/>
			<key>isa</key>
			<string>PBXNativeTarget</string>
			<key>name</key>
			<string>greenhouse-ios-second</string>
			<key>productName</key>
			<string>greenhouse-ios-second</string>
			<key>productReference</key>
			<string>77CBB5161952CF82007B2090</string>
			<key>productType</key>
			<string>com.apple.product-type.application</string>
		</dict>
		<key>77CBB5161952CF82007B2090</key>
		<dict>
			<key>explicitFileType</key>
			<string>wrapper.application</string>
			<key>includeInIndex</key>
			<string>0</string>
			<key>isa</key>
			<string>PBXFileReference</string>
			<key>path</key>
			<string>greenhouse-ios-second.app</string>
			<key>sourceTree</key>
			<string>BUILT_PRODUCTS_DIR</string>
		</dict>
		<key>77CBB5171952CF82007B2090</key>
		<dict>
			<key>fileRef</key>
			<string>7791B6E818BF8B2E00EA3020</string>
			<key>isa</key>
			<string>PBXBuildFile</string>
		</dict>
		<key>77CBB5181952CF82007B2090</key>
		<dict>
			<key>fileRef</key>
			<string>7791B6EA18BF8B2E00EA3020</string>
			<key>isa</key>
			<string>PBXBuildFile</string>
		</dict>
		<key>77CBB5191952CF82007B2090</key>
		<dict>
			<key>fileRef</key>
			<string>7791B6EC18BF8B2E00EA3020</string>
			<key>isa</key>
			<string>PBXBuildFile</string>
		</dict>
		<key>77CBB51A1952CF82007B2090</key>
		<dict>
			<key>children</key>
			<array>
				<string>77CBB5231952CF82007B2090</string>
				<string>77CBB5241952CF82007B2090</string>
				<string>77CBB5261952CF82007B2090</string>
				<string>77CBB5291952CF82007B2090</string>
				<string>77CBB52C1952CF82007B2090</string>
				<string>77CBB52D1952CF82007B2090</string>
				<string>77CBB52F1952CF82007B2090</string>
				<string>77CBB5301952CF82007B2090</string>
				<string>77CBB5321952CF82007B2090</string>
				<string>77CBB51B1952CF82007B2090</string>
			</array>
			<key>isa</key>
			<string>PBXGroup</string>
			<key>path</key>
			<string>greenhouse-ios-second</string>
			<key>sourceTree</key>
			<string>&lt;group&gt;</string>
		</dict>
		<key>77CBB51B1952CF82007B2090</key>
		<dict>
			<key>children</key>
			<array>
				<string>77CBB51C1952CF82007B2090</string>
				<string>77CBB51D1952CF82007B2090</string>
				<string>77CBB5201952CF82007B2090</string>
				<string>77CBB5221952CF82007B2090</string>
			</array>
			<key>isa</key>
			<string>PBXGroup</string>
			<key>name</key>
			<string>Supporting Files</string>
			<key>sourceTree</key>
			<string>&lt;group&gt;</string>
		</dict>
		<key>77CBB51C1952CF82007B2090</key>
		<dict>
			<key>isa</key>
			<string>PBXFileReference</string>
			<key>lastKnownFileType</key>
			<string>text.plist.xml</string>
			<key>path</key>
			<string>greenhouse-ios-second-Info.plist</string>
			<key>sourceTree</key>
			<string>&lt;group&gt;</string>
		</dict>
		<key>77CBB51D1952CF82007B2090</key>
		<dict>
			<key>children</key>
			<array>
				<string>77CBB51E1952CF82007B2090</string>
			</array>
			<key>isa</key>
			<string>PBXVariantGroup</string>
			<key>name</key>
			<string>InfoPlist.strings</string>
			<key>sourceTree</key>
			<string>&lt;group&gt;</string>
		</dict>
		<key>77CBB51E1952CF82007B2090</key>
		<dict>
			<key>isa</key>
			<string>PBXFileReference</string>
			<key>lastKnownFileType</key>
			<string>text.plist.strings</string>
			<key>name</key>
			<string>en</string>
			<key>path</key>
			<string>en.lproj/InfoPlist.strings</string>
			<key>sourceTree</key>
			<string>&lt;group&gt;</string>
		</dict>
		<key>77CBB51F1952CF82007B2090</key>
		<dict>
			<key>fileRef</key>
			<string>77CBB51D1952CF82007B2090</string>
			<key>isa</key>
			<string>PBXBuildFile</string>
		</dict>
		<key>77CBB5201952CF82007B2090</key>
		<dict>
			<key>isa</key>
			<string>PBXFileReference</string>
			<key>lastKnownFileType</key>
			<string>sourcecode.c.objc</string>
			<key>path</key>
			<string>main.m</string>
			<key>sourceTree</key>
			<string>&lt;group&gt;</string>
		</dict>
		<key>77CBB5211952CF82007B2090</key>
		<dict>
			<key>fileRef</key>
			<string>77CBB5201952CF82007B2090</string>
			<key>isa</key>
			<string>PBXBuildFile</string>
		</dict>
		<key>77CBB5221952CF82007B2090</key>
		<dict>
			<key>isa</key>
			<string>PBXFileReference</string>
			<key>lastKnownFileType</key>
			<string>sourcecode.c.h</string>
			<key>path</key>
			<string>greenhouse-ios-second-Prefix.pch</string>
			<key>sourceTree</key>
			<string>&lt;group&gt;</string>
		</dict>
		<key>77CBB5231952CF82007B2090</key>
		<dict>
			<key>isa</key>
			<string>PBXFileReference</string>
			<key>lastKnownFileType</key>
			<string>sourcecode.c.h</string>
			<key>path</key>
			<string>SECAppDelegate.h</string>
			<key>sourceTree</key>
			<string>&lt;group&gt;</string>
		</dict>
		<key>77CBB5241952CF82007B2090</key>
		<dict>
			<key>isa</key>
			<string>PBXFileReference</string>
			<key>lastKnownFileType</key>
			<string>sourcecode.c.objc</string>
			<key>path</key>
			<string>SECAppDelegate.m</string>
			<key>sourceTree</key>
			<string>&lt;group&gt;</string>
		</dict>
		<key>77CBB5251952CF82007B2090</key>
		<dict>
			<key>fileRef</key>
			<string>77CBB5241952CF82007B2090</string>
			<key>isa</key>
			<string>PBXBuildFile</string>
		</dict>
		<key>77CBB5261952CF82007B2090</key>
		<dict>
			<key>children</key>
			<array>
				<string>77CBB5271952CF82007B2090</string>
			</array>
			<key>isa</key>
			<string>PBXVariantGroup</string>
			<key>name</key>
			<string>Main_iPhone.storyboard</string>
			<key>sourceTree</key>
			<string>&lt;group&gt;</string>
		</dict>
		<key>77CBB5271952CF82007B2090</key>
		<dict>
			<key>isa</key>
			<string>PBXFileReference</string>
			<key>lastKnownFileType</key>
			<string>file.storyboard</string>
			<key>name</key>
			<string>Base</string>
			<key>path</key>
			<string>Base.lproj/Main_iPhone.storyboard</string>
			<key>sourceTree</key>
			<string>&lt;group&gt;</string>
		</dict>
		<key>77CBB5281952CF82007B2090</key>
		<dict>
			<key>fileRef</key>
			<string>77CBB5261952CF82007B2090</string>
			<key>isa</key>
			<string>PBXBuildFile</string>
		</dict>
		<key>77CBB5291952CF82007B2090</key>
		<dict>
			<key>children</key>
			<array>
				<string>77CBB52A1952CF82007B2090</string>
			</array>
			<key>isa</key>
			<string>PBXVariantGroup</string>
			<key>name</key>
			<string>Main_iPad.storyboard</string>
			<key>sourceTree</key>
			<string>&lt;group&gt;</string>
		</dict>
		<key>77CBB52A1952CF82007B2090</key>
		<dict>
			<key>isa</key>
			<string>PBXFileReference</string>
			<key>lastKnownFileType</key>
			<string>file.storyboard</string>
			<key>name</key>
			<string>Base</string>
			<key>path</key>
			<string>Base.lproj/Main_iPad.storyboard</string>
			<key>sourceTree</key>
			<string>&lt;group&gt;</string>
		</dict>
		<key>77CBB52B1952CF82007B2090</key>
		<dict>
			<key>fileRef</key>
			<string>77CBB5291952CF82007B2090</string>
			<key>isa</key>
			<string>PBXBuildFile</string>
		</dict>
		<key>77CBB52C1952CF82007B2090</key>
		<dict>
			<key>isa</key>
			<string>PBXFileReference</string>
			<key>lastKnownFileType</key>
			<string>sourcecode.c.h</string>
			<key>path</key>
			<string>SECMasterViewController.h</string>
			<key>sourceTree</key>
			<string>&lt;group&gt;</string>
		</dict>
		<key>77CBB52D1952CF82007B2090</key>
		<dict>
			<key>isa</key>
			<string>PBXFileReference</string>
			<key>lastKnownFileType</key>
			<string>sourcecode.c.objc</string>
			<key>path</key>
			<string>SECMasterViewController.m</string>
			<key>sourceTree</key>
			<string>&lt;group&gt;</string>
		</dict>
		<key>77CBB52E1952CF82007B2090</key>
		<dict>
			<key>fileRef</key>
			<string>77CBB52D1952CF82007B2090</string>
			<key>isa</key>
			<string>PBXBuildFile</string>
		</dict>
		<key>77CBB52F1952CF82007B2090</key>
		<dict>
			<key>isa</key>
			<string>PBXFileReference</string>
			<key>lastKnownFileType</key>
			<string>sourcecode.c.h</string>
			<key>path</key>
			<string>SECDetailViewController.h</string>
			<key>sourceTree</key>
			<string>&lt;group&gt;</string>
		</dict>
		<key>77CBB5301952CF82007B2090</key>
		<dict>
			<key>isa</key>
			<string>PBXFileReference</string>
			<key>lastKnownFileType</key>
			<string>sourcecode.c.objc</string>
			<key>path</key>
			<string>SECDetailViewController.m</string>
			<key>sourceTree</key>
			<string>&lt;group&gt;</string>
		</dict>
		<key>77CBB5311952CF82007B2090</key>
		<dict>
			<key>fileRef</key>
			<string>77CBB5301952CF82007B2090</string>
			<key>isa</key>
			<string>PBXBuildFile</string>
		</dict>
		<key>77CBB5321952CF82007B2090</key>
		<dict>
			<key>isa</key>
			<string>PBXFileReference</string>
			<key>lastKnownFileType</key>
			<string>folder.assetcatalog</string>
			<key>path</key>
			<string>Images.xcassets</string>
			<key>sourceTree</key>
			<string>&lt;group&gt;</string>
		</dict>
		<key>77CBB5331952CF83007B2090</key>
		<dict>
			<key>fileRef</key>
			<string>77CBB5321952CF82007B2090</string>
			<key>isa</key>
			<string>PBXBuildFile</string>
		</dict>
		<key>77CBB5341952CF83007B2090</key>
		<dict>
			<key>buildActionMask</key>
			<string>2147483647</string>
			<key>files</key>
			<array>
				<string>77CBB5451952CF83007B2090</string>
			</array>
			<key>isa</key>
			<string>PBXSourcesBuildPhase</string>
			<key>runOnlyForDeploymentPostprocessing</key>
			<string>0</string>
		</dict>
		<key>77CBB5351952CF83007B2090</key>
		<dict>
			<key>buildActionMask</key>
			<string>2147483647</string>
			<key>files</key>
			<array>
				<string>77CBB5391952CF83007B2090</string>
				<string>77CBB53B1952CF83007B2090</string>
				<string>77CBB53A1952CF83007B2090</string>
			</array>
			<key>isa</key>
			<string>PBXFrameworksBuildPhase</string>
			<key>runOnlyForDeploymentPostprocessing</key>
			<string>0</string>
		</dict>
		<key>77CBB5361952CF83007B2090</key>
		<dict>
			<key>buildActionMask</key>
			<string>2147483647</string>
			<key>files</key>
			<array>
				<string>77CBB5431952CF83007B2090</string>
			</array>
			<key>isa</key>
			<string>PBXResourcesBuildPhase</string>
			<key>runOnlyForDeploymentPostprocessing</key>
			<string>0</string>
		</dict>
		<key>77CBB5371952CF83007B2090</key>
		<dict>
			<key>buildConfigurationList</key>
			<string>77CBB54B1952CF83007B2090</string>
			<key>buildPhases</key>
			<array>
				<string>77CBB5341952CF83007B2090</string>
				<string>77CBB5351952CF83007B2090</string>
				<string>77CBB5361952CF83007B2090</string>
			</array>
			<key>buildRules</key>
			<array/>
			<key>dependencies</key>
			<array>
				<string>77CBB53D1952CF83007B2090</string>
			</array>
			<key>isa</key>
			<string>PBXNativeTarget</string>
			<key>name</key>
			<string>greenhouse-ios-secondTests</string>
			<key>productName</key>
			<string>greenhouse-ios-secondTests</string>
			<key>productReference</key>
			<string>77CBB5381952CF83007B2090</string>
			<key>productType</key>
			<string>com.apple.product-type.bundle.unit-test</string>
		</dict>
		<key>77CBB5381952CF83007B2090</key>
		<dict>
			<key>explicitFileType</key>
			<string>wrapper.cfbundle</string>
			<key>includeInIndex</key>
			<string>0</string>
			<key>isa</key>
			<string>PBXFileReference</string>
			<key>path</key>
			<string>greenhouse-ios-secondTests.xctest</string>
			<key>sourceTree</key>
			<string>BUILT_PRODUCTS_DIR</string>
		</dict>
		<key>77CBB5391952CF83007B2090</key>
		<dict>
			<key>fileRef</key>
			<string>7791B70A18BF8B2E00EA3020</string>
			<key>isa</key>
			<string>PBXBuildFile</string>
		</dict>
		<key>77CBB53A1952CF83007B2090</key>
		<dict>
			<key>fileRef</key>
			<string>7791B6E818BF8B2E00EA3020</string>
			<key>isa</key>
			<string>PBXBuildFile</string>
		</dict>
		<key>77CBB53B1952CF83007B2090</key>
		<dict>
			<key>fileRef</key>
			<string>7791B6EC18BF8B2E00EA3020</string>
			<key>isa</key>
			<string>PBXBuildFile</string>
		</dict>
		<key>77CBB53C1952CF83007B2090</key>
		<dict>
			<key>containerPortal</key>
			<string>7791B6DD18BF8B2D00EA3020</string>
			<key>isa</key>
			<string>PBXContainerItemProxy</string>
			<key>proxyType</key>
			<string>1</string>
			<key>remoteGlobalIDString</key>
			<string>77CBB5151952CF82007B2090</string>
			<key>remoteInfo</key>
			<string>greenhouse-ios-second</string>
		</dict>
		<key>77CBB53D1952CF83007B2090</key>
		<dict>
			<key>isa</key>
			<string>PBXTargetDependency</string>
			<key>target</key>
			<string>77CBB5151952CF82007B2090</string>
			<key>targetProxy</key>
			<string>77CBB53C1952CF83007B2090</string>
		</dict>
		<key>77CBB53E1952CF83007B2090</key>
		<dict>
			<key>children</key>
			<array>
				<string>77CBB5441952CF83007B2090</string>
				<string>77CBB53F1952CF83007B2090</string>
			</array>
			<key>isa</key>
			<string>PBXGroup</string>
			<key>path</key>
			<string>greenhouse-ios-secondTests</string>
			<key>sourceTree</key>
			<string>&lt;group&gt;</string>
		</dict>
		<key>77CBB53F1952CF83007B2090</key>
		<dict>
			<key>children</key>
			<array>
				<string>77CBB5401952CF83007B2090</string>
				<string>77CBB5411952CF83007B2090</string>
			</array>
			<key>isa</key>
			<string>PBXGroup</string>
			<key>name</key>
			<string>Supporting Files</string>
			<key>sourceTree</key>
			<string>&lt;group&gt;</string>
		</dict>
		<key>77CBB5401952CF83007B2090</key>
		<dict>
			<key>isa</key>
			<string>PBXFileReference</string>
			<key>lastKnownFileType</key>
			<string>text.plist.xml</string>
			<key>path</key>
			<string>greenhouse-ios-secondTests-Info.plist</string>
			<key>sourceTree</key>
			<string>&lt;group&gt;</string>
		</dict>
		<key>77CBB5411952CF83007B2090</key>
		<dict>
			<key>children</key>
			<array>
				<string>77CBB5421952CF83007B2090</string>
			</array>
			<key>isa</key>
			<string>PBXVariantGroup</string>
			<key>name</key>
			<string>InfoPlist.strings</string>
			<key>sourceTree</key>
			<string>&lt;group&gt;</string>
		</dict>
		<key>77CBB5421952CF83007B2090</key>
		<dict>
			<key>isa</key>
			<string>PBXFileReference</string>
			<key>lastKnownFileType</key>
			<string>text.plist.strings</string>
			<key>name</key>
			<string>en</string>
			<key>path</key>
			<string>en.lproj/InfoPlist.strings</string>
			<key>sourceTree</key>
			<string>&lt;group&gt;</string>
		</dict>
		<key>77CBB5431952CF83007B2090</key>
		<dict>
			<key>fileRef</key>
			<string>77CBB5411952CF83007B2090</string>
			<key>isa</key>
			<string>PBXBuildFile</string>
		</dict>
		<key>77CBB5441952CF83007B2090</key>
		<dict>
			<key>isa</key>
			<string>PBXFileReference</string>
			<key>lastKnownFileType</key>
			<string>sourcecode.c.objc</string>
			<key>path</key>
			<string>greenhouse_ios_secondTests.m</string>
			<key>sourceTree</key>
			<string>&lt;group&gt;</string>
		</dict>
		<key>77CBB5451952CF83007B2090</key>
		<dict>
			<key>fileRef</key>
			<string>77CBB5441952CF83007B2090</string>
			<key>isa</key>
			<string>PBXBuildFile</string>
		</dict>
		<key>77CBB5461952CF83007B2090</key>
		<dict>
			<key>buildSettings</key>
			<dict>
				<key>ASSETCATALOG_COMPILER_APPICON_NAME</key>
				<string>gh-ios-second</string>
				<key>ASSETCATALOG_COMPILER_LAUNCHIMAGE_NAME</key>
				<string>LaunchImage</string>
				<key>GCC_PRECOMPILE_PREFIX_HEADER</key>
				<string>YES</string>
				<key>GCC_PREFIX_HEADER</key>
				<string>greenhouse-ios-second/greenhouse-ios-second-Prefix.pch</string>
				<key>GCC_PREPROCESSOR_DEFINITIONS</key>
				<array>
					<string>DEBUG=1</string>
					<string>$(inherited)</string>
				</array>
				<key>GCC_WARN_UNINITIALIZED_AUTOS</key>
				<string>YES_AGGRESSIVE</string>
				<key>INFOPLIST_FILE</key>
				<string>greenhouse-ios-second/greenhouse-ios-second-Info.plist</string>
				<key>IPHONEOS_DEPLOYMENT_TARGET</key>
				<string>7.1</string>
				<key>PRODUCT_NAME</key>
				<string>$(TARGET_NAME)</string>
				<key>WRAPPER_EXTENSION</key>
				<string>app</string>
			</dict>
			<key>isa</key>
			<string>XCBuildConfiguration</string>
			<key>name</key>
			<string>Debug</string>
		</dict>
		<key>77CBB5471952CF83007B2090</key>
		<dict>
			<key>buildSettings</key>
			<dict>
				<key>ASSETCATALOG_COMPILER_APPICON_NAME</key>
				<string>gh-ios-second</string>
				<key>ASSETCATALOG_COMPILER_LAUNCHIMAGE_NAME</key>
				<string>LaunchImage</string>
				<key>GCC_PRECOMPILE_PREFIX_HEADER</key>
				<string>YES</string>
				<key>GCC_PREFIX_HEADER</key>
				<string>greenhouse-ios-second/greenhouse-ios-second-Prefix.pch</string>
				<key>GCC_WARN_UNINITIALIZED_AUTOS</key>
				<string>YES_AGGRESSIVE</string>
				<key>INFOPLIST_FILE</key>
				<string>greenhouse-ios-second/greenhouse-ios-second-Info.plist</string>
				<key>IPHONEOS_DEPLOYMENT_TARGET</key>
				<string>7.1</string>
				<key>PRODUCT_NAME</key>
				<string>$(TARGET_NAME)</string>
				<key>WRAPPER_EXTENSION</key>
				<string>app</string>
			</dict>
			<key>isa</key>
			<string>XCBuildConfiguration</string>
			<key>name</key>
			<string>Release</string>
		</dict>
		<key>77CBB5481952CF83007B2090</key>
		<dict>
			<key>buildSettings</key>
			<dict>
				<key>BUNDLE_LOADER</key>
				<string>$(BUILT_PRODUCTS_DIR)/greenhouse-ios.app/greenhouse-ios</string>
				<key>FRAMEWORK_SEARCH_PATHS</key>
				<array>
					<string>$(SDKROOT)/Developer/Library/Frameworks</string>
					<string>$(inherited)</string>
					<string>$(DEVELOPER_FRAMEWORKS_DIR)</string>
				</array>
				<key>GCC_PRECOMPILE_PREFIX_HEADER</key>
				<string>YES</string>
				<key>GCC_PREFIX_HEADER</key>
				<string>greenhouse-ios-second/greenhouse-ios-second-Prefix.pch</string>
				<key>GCC_PREPROCESSOR_DEFINITIONS</key>
				<array>
					<string>DEBUG=1</string>
					<string>$(inherited)</string>
				</array>
				<key>GCC_WARN_UNINITIALIZED_AUTOS</key>
				<string>YES_AGGRESSIVE</string>
				<key>INFOPLIST_FILE</key>
				<string>greenhouse-ios-secondTests/greenhouse-ios-secondTests-Info.plist</string>
				<key>IPHONEOS_DEPLOYMENT_TARGET</key>
				<string>7.1</string>
				<key>PRODUCT_NAME</key>
				<string>$(TARGET_NAME)</string>
				<key>TEST_HOST</key>
				<string>$(BUNDLE_LOADER)</string>
				<key>WRAPPER_EXTENSION</key>
				<string>xctest</string>
			</dict>
			<key>isa</key>
			<string>XCBuildConfiguration</string>
			<key>name</key>
			<string>Debug</string>
		</dict>
		<key>77CBB5491952CF83007B2090</key>
		<dict>
			<key>buildSettings</key>
			<dict>
				<key>BUNDLE_LOADER</key>
				<string>$(BUILT_PRODUCTS_DIR)/greenhouse-ios.app/greenhouse-ios</string>
				<key>FRAMEWORK_SEARCH_PATHS</key>
				<array>
					<string>$(SDKROOT)/Developer/Library/Frameworks</string>
					<string>$(inherited)</string>
					<string>$(DEVELOPER_FRAMEWORKS_DIR)</string>
				</array>
				<key>GCC_PRECOMPILE_PREFIX_HEADER</key>
				<string>YES</string>
				<key>GCC_PREFIX_HEADER</key>
				<string>greenhouse-ios-second/greenhouse-ios-second-Prefix.pch</string>
				<key>GCC_WARN_UNINITIALIZED_AUTOS</key>
				<string>YES_AGGRESSIVE</string>
				<key>INFOPLIST_FILE</key>
				<string>greenhouse-ios-secondTests/greenhouse-ios-secondTests-Info.plist</string>
				<key>IPHONEOS_DEPLOYMENT_TARGET</key>
				<string>7.1</string>
				<key>PRODUCT_NAME</key>
				<string>$(TARGET_NAME)</string>
				<key>TEST_HOST</key>
				<string>$(BUNDLE_LOADER)</string>
				<key>WRAPPER_EXTENSION</key>
				<string>xctest</string>
			</dict>
			<key>isa</key>
			<string>XCBuildConfiguration</string>
			<key>name</key>
			<string>Release</string>
		</dict>
		<key>77CBB54A1952CF83007B2090</key>
		<dict>
			<key>buildConfigurations</key>
			<array>
				<string>77CBB5461952CF83007B2090</string>
				<string>77CBB5471952CF83007B2090</string>
			</array>
			<key>defaultConfigurationIsVisible</key>
			<string>0</string>
			<key>isa</key>
			<string>XCConfigurationList</string>
		</dict>
		<key>77CBB54B1952CF83007B2090</key>
		<dict>
			<key>buildConfigurations</key>
			<array>
				<string>77CBB5481952CF83007B2090</string>
				<string>77CBB5491952CF83007B2090</string>
			</array>
			<key>defaultConfigurationIsVisible</key>
			<string>0</string>
			<key>isa</key>
			<string>XCConfigurationList</string>
		</dict>
		<key>A0F1106BE73948D9980194C0</key>
		<dict>
			<key>buildActionMask</key>
			<string>2147483647</string>
			<key>files</key>
			<array/>
			<key>inputPaths</key>
			<array/>
			<key>isa</key>
			<string>PBXShellScriptBuildPhase</string>
			<key>name</key>
			<string>Check Pods Manifest.lock</string>
			<key>outputPaths</key>
			<array/>
			<key>runOnlyForDeploymentPostprocessing</key>
			<string>0</string>
			<key>shellPath</key>
			<string>/bin/sh</string>
			<key>shellScript</key>
			<string>diff "${PODS_ROOT}/../Podfile.lock" "${PODS_ROOT}/Manifest.lock" &gt; /dev/null
if [[ $? != 0 ]] ; then
    cat &lt;&lt; EOM
error: The sandbox is not in sync with the Podfile.lock. Run 'pod install' or update your CocoaPods installation.
EOM
    exit 1
fi
</string>
			<key>showEnvVarsInLog</key>
			<string>0</string>
		</dict>
		<key>DF8A7CD592F44ACE85725769</key>
		<dict>
			<key>explicitFileType</key>
			<string>archive.ar</string>
			<key>includeInIndex</key>
			<string>0</string>
			<key>isa</key>
			<string>PBXFileReference</string>
			<key>path</key>
			<string>libPods.a</string>
			<key>sourceTree</key>
			<string>BUILT_PRODUCTS_DIR</string>
		</dict>
		<key>EE2527F3590147BFB74BD529</key>
		<dict>
			<key>includeInIndex</key>
			<string>1</string>
			<key>isa</key>
			<string>PBXFileReference</string>
			<key>lastKnownFileType</key>
			<string>text.xcconfig</string>
			<key>name</key>
			<string>Pods.xcconfig</string>
			<key>path</key>
			<string>Pods/Pods.xcconfig</string>
			<key>sourceTree</key>
			<string>&lt;group&gt;</string>
		</dict>
		<key>FB8F078853B64B44810A16A9</key>
		<dict>
			<key>fileRef</key>
			<string>DF8A7CD592F44ACE85725769</string>
			<key>isa</key>
			<string>PBXBuildFile</string>
		</dict>
	</dict>
	<key>rootObject</key>
	<string>7791B6DD18BF8B2D00EA3020</string>
</dict>
</plist>
